
Microsoft Visual Studio Solution File, Format Version 12.00
# Visual Studio 14
VisualStudioVersion = 14.0.25123.0
MinimumVisualStudioVersion = 10.0.40219.1
Project("{FAE04EC0-301F-11D3-BF4B-00C04F79EFBC}") = "PostSharp.ModuleInitializer", "PostSharp.ModuleInitializer\PostSharp.ModuleInitializer.csproj", "{9E8E5F44-4858-4657-839B-6A8AC78F7EF2}"
EndProject
Project("{FAE04EC0-301F-11D3-BF4B-00C04F79EFBC}") = "PostSharp.ModuleInitializer.Model", "PostSharp.ModuleInitializer.Model\PostSharp.ModuleInitializer.Model.csproj", "{60039403-D236-4917-B10F-9F87AADA10A7}"
EndProject
Global
	GlobalSection(SolutionConfigurationPlatforms) = preSolution
		Debug|Any CPU = Debug|Any CPU
		Release|Any CPU = Release|Any CPU
	EndGlobalSection
	GlobalSection(ProjectConfigurationPlatforms) = postSolution
		{9E8E5F44-4858-4657-839B-6A8AC78F7EF2}.Debug|Any CPU.ActiveCfg = Debug|Any CPU
		{9E8E5F44-4858-4657-839B-6A8AC78F7EF2}.Debug|Any CPU.Build.0 = Debug|Any CPU
		{9E8E5F44-4858-4657-839B-6A8AC78F7EF2}.Release|Any CPU.ActiveCfg = Release|Any CPU
		{9E8E5F44-4858-4657-839B-6A8AC78F7EF2}.Release|Any CPU.Build.0 = Release|Any CPU
		{60039403-D236-4917-B10F-9F87AADA10A7}.Debug|Any CPU.ActiveCfg = Debug|Any CPU
		{60039403-D236-4917-B10F-9F87AADA10A7}.Debug|Any CPU.Build.0 = Debug|Any CPU
		{60039403-D236-4917-B10F-9F87AADA10A7}.Release|Any CPU.ActiveCfg = Release|Any CPU
		{60039403-D236-4917-B10F-9F87AADA10A7}.Release|Any CPU.Build.0 = Release|Any CPU
	EndGlobalSection
	GlobalSection(SolutionProperties) = preSolution
		HideSolutionNode = FALSE
	EndGlobalSection
EndGlobal
