
Microsoft Visual Studio Solution File, Format Version 12.00
# Visual Studio 2013
VisualStudioVersion = 12.0.31101.0
MinimumVisualStudioVersion = 10.0.40219.1
Project("{FAE04EC0-301F-11D3-BF4B-00C04F79EFBC}") = "ReSharper.Xaml", "ReSharper.Xaml\ReSharper.Xaml\ReSharper.Xaml.csproj", "{A4D945ED-9860-4DFC-9B80-F0BA8D21C4C5}"
EndProject
Project("{FAE04EC0-301F-11D3-BF4B-00C04F79EFBC}") = "ReSharper.Xaml.iOS", "ReSharper.Xaml\ReSharper.Xaml.iOS\ReSharper.Xaml.iOS.csproj", "{110B497C-CE95-4DB1-8343-58B6AF3F87D6}"
EndProject
Project("{FAE04EC0-301F-11D3-BF4B-00C04F79EFBC}") = "ReSharper.Xaml.Droid", "ReSharper.Xaml\ReSharper.Xaml.Droid\ReSharper.Xaml.Droid.csproj", "{A19EBFC2-71F7-4463-AADC-1DFB15CFE4B2}"
EndProject
Project("{FAE04EC0-301F-11D3-BF4B-00C04F79EFBC}") = "ReSharper.Xaml.WinPhone", "ReSharper.Xaml\ReSharper.Xaml.WinPhone\ReSharper.Xaml.WinPhone.csproj", "{56DBDDF9-8C23-499F-AB1C-DD81E2CE579B}"
EndProject
Project("{FAE04EC0-301F-11D3-BF4B-00C04F79EFBC}") = "ReSharper.Xaml.Windows", "ReSharper.Xaml.Windows\ReSharper.Xaml.Windows.csproj", "{8A02E6AD-91FB-4401-872B-D880B44F7768}"
EndProject
Project("{FAE04EC0-301F-11D3-BF4B-00C04F79EFBC}") = "ReSharper.Xaml.Windows.Application", "ReSharper.Xaml.Windows.Application\ReSharper.Xaml.Windows.Application.csproj", "{BC2C8109-51D9-4FC5-A195-B14DE8E02D39}"
EndProject
Project("{2150E333-8FDC-42A3-9474-1A3956D46DE8}") = "ReSharper.Xaml.Windows.Universal", "ReSharper.Xaml.Windows.Universal", "{75E971E0-0AD3-4356-9787-5CED26460EAA}"
EndProject
Project("{D954291E-2A0B-460D-934E-DC6B0785DB48}") = "ReSharper.Xaml.Windows.Universal.Shared", "ReSharper.Xaml.Windows.Universal\ReSharper.Xaml.Windows.Universal.Shared\ReSharper.Xaml.Windows.Universal.Shared.shproj", "{49420D77-2854-4AB9-8AF6-210B5B4830CE}"
EndProject
Project("{FAE04EC0-301F-11D3-BF4B-00C04F79EFBC}") = "ReSharper.Xaml.Windows.Universal.Windows", "ReSharper.Xaml.Windows.Universal\ReSharper.Xaml.Windows.Universal.Windows\ReSharper.Xaml.Windows.Universal.Windows.csproj", "{1B8FAFD8-DDCE-4806-B61A-AAF826FFFED9}"
EndProject
Project("{FAE04EC0-301F-11D3-BF4B-00C04F79EFBC}") = "ReSharper.Xaml.Windows.Universal.WindowsPhone", "ReSharper.Xaml.Windows.Universal\ReSharper.Xaml.Windows.Universal.WindowsPhone\ReSharper.Xaml.Windows.Universal.WindowsPhone.csproj", "{104F3C2E-9DE7-4C7C-90C1-B393013E2F17}"
EndProject
Project("{2150E333-8FDC-42A3-9474-1A3956D46DE8}") = ".nuget", ".nuget", "{EA020D3C-D752-4050-8106-3D95F7ABD1E6}"
	ProjectSection(SolutionItems) = preProject
		.nuget\NuGet.Config = .nuget\NuGet.Config
		.nuget\NuGet.exe = .nuget\NuGet.exe
		.nuget\NuGet.targets = .nuget\NuGet.targets
	EndProjectSection
EndProject
Project("{FAE04EC0-301F-11D3-BF4B-00C04F79EFBC}") = "Xamarin.Xaml", "Xamarin.Xaml\Xamarin.Xaml.csproj", "{3F358953-AAA2-4A95-837B-E92F7C6CC7CE}"
EndProject
Global
	GlobalSection(SolutionConfigurationPlatforms) = preSolution
		Ad-Hoc|Any CPU = Ad-Hoc|Any CPU
		Ad-Hoc|ARM = Ad-Hoc|ARM
		Ad-Hoc|iPhone = Ad-Hoc|iPhone
		Ad-Hoc|iPhoneSimulator = Ad-Hoc|iPhoneSimulator
		Ad-Hoc|Mixed Platforms = Ad-Hoc|Mixed Platforms
		Ad-Hoc|x64 = Ad-Hoc|x64
		Ad-Hoc|x86 = Ad-Hoc|x86
		AppStore|Any CPU = AppStore|Any CPU
		AppStore|ARM = AppStore|ARM
		AppStore|iPhone = AppStore|iPhone
		AppStore|iPhoneSimulator = AppStore|iPhoneSimulator
		AppStore|Mixed Platforms = AppStore|Mixed Platforms
		AppStore|x64 = AppStore|x64
		AppStore|x86 = AppStore|x86
		Debug|Any CPU = Debug|Any CPU
		Debug|ARM = Debug|ARM
		Debug|iPhone = Debug|iPhone
		Debug|iPhoneSimulator = Debug|iPhoneSimulator
		Debug|Mixed Platforms = Debug|Mixed Platforms
		Debug|x64 = Debug|x64
		Debug|x86 = Debug|x86
		Release|Any CPU = Release|Any CPU
		Release|ARM = Release|ARM
		Release|iPhone = Release|iPhone
		Release|iPhoneSimulator = Release|iPhoneSimulator
		Release|Mixed Platforms = Release|Mixed Platforms
		Release|x64 = Release|x64
		Release|x86 = Release|x86
	EndGlobalSection
	GlobalSection(ProjectConfigurationPlatforms) = postSolution
		{A4D945ED-9860-4DFC-9B80-F0BA8D21C4C5}.Ad-Hoc|Any CPU.ActiveCfg = Release|Any CPU
		{A4D945ED-9860-4DFC-9B80-F0BA8D21C4C5}.Ad-Hoc|Any CPU.Build.0 = Release|Any CPU
		{A4D945ED-9860-4DFC-9B80-F0BA8D21C4C5}.Ad-Hoc|ARM.ActiveCfg = Release|Any CPU
		{A4D945ED-9860-4DFC-9B80-F0BA8D21C4C5}.Ad-Hoc|iPhone.ActiveCfg = Release|Any CPU
		{A4D945ED-9860-4DFC-9B80-F0BA8D21C4C5}.Ad-Hoc|iPhoneSimulator.ActiveCfg = Release|Any CPU
		{A4D945ED-9860-4DFC-9B80-F0BA8D21C4C5}.Ad-Hoc|Mixed Platforms.ActiveCfg = Release|Any CPU
		{A4D945ED-9860-4DFC-9B80-F0BA8D21C4C5}.Ad-Hoc|Mixed Platforms.Build.0 = Release|Any CPU
		{A4D945ED-9860-4DFC-9B80-F0BA8D21C4C5}.Ad-Hoc|x64.ActiveCfg = Debug|Any CPU
		{A4D945ED-9860-4DFC-9B80-F0BA8D21C4C5}.Ad-Hoc|x86.ActiveCfg = Release|Any CPU
		{A4D945ED-9860-4DFC-9B80-F0BA8D21C4C5}.AppStore|Any CPU.ActiveCfg = Release|Any CPU
		{A4D945ED-9860-4DFC-9B80-F0BA8D21C4C5}.AppStore|Any CPU.Build.0 = Release|Any CPU
		{A4D945ED-9860-4DFC-9B80-F0BA8D21C4C5}.AppStore|ARM.ActiveCfg = Release|Any CPU
		{A4D945ED-9860-4DFC-9B80-F0BA8D21C4C5}.AppStore|iPhone.ActiveCfg = Release|Any CPU
		{A4D945ED-9860-4DFC-9B80-F0BA8D21C4C5}.AppStore|iPhoneSimulator.ActiveCfg = Release|Any CPU
		{A4D945ED-9860-4DFC-9B80-F0BA8D21C4C5}.AppStore|Mixed Platforms.ActiveCfg = Release|Any CPU
		{A4D945ED-9860-4DFC-9B80-F0BA8D21C4C5}.AppStore|Mixed Platforms.Build.0 = Release|Any CPU
		{A4D945ED-9860-4DFC-9B80-F0BA8D21C4C5}.AppStore|x64.ActiveCfg = Debug|Any CPU
		{A4D945ED-9860-4DFC-9B80-F0BA8D21C4C5}.AppStore|x86.ActiveCfg = Release|Any CPU
		{A4D945ED-9860-4DFC-9B80-F0BA8D21C4C5}.Debug|Any CPU.ActiveCfg = Debug|Any CPU
		{A4D945ED-9860-4DFC-9B80-F0BA8D21C4C5}.Debug|Any CPU.Build.0 = Debug|Any CPU
		{A4D945ED-9860-4DFC-9B80-F0BA8D21C4C5}.Debug|ARM.ActiveCfg = Debug|Any CPU
		{A4D945ED-9860-4DFC-9B80-F0BA8D21C4C5}.Debug|iPhone.ActiveCfg = Debug|Any CPU
		{A4D945ED-9860-4DFC-9B80-F0BA8D21C4C5}.Debug|iPhoneSimulator.ActiveCfg = Debug|Any CPU
		{A4D945ED-9860-4DFC-9B80-F0BA8D21C4C5}.Debug|Mixed Platforms.ActiveCfg = Debug|Any CPU
		{A4D945ED-9860-4DFC-9B80-F0BA8D21C4C5}.Debug|Mixed Platforms.Build.0 = Debug|Any CPU
		{A4D945ED-9860-4DFC-9B80-F0BA8D21C4C5}.Debug|x64.ActiveCfg = Debug|Any CPU
		{A4D945ED-9860-4DFC-9B80-F0BA8D21C4C5}.Debug|x86.ActiveCfg = Debug|Any CPU
		{A4D945ED-9860-4DFC-9B80-F0BA8D21C4C5}.Release|Any CPU.ActiveCfg = Release|Any CPU
		{A4D945ED-9860-4DFC-9B80-F0BA8D21C4C5}.Release|Any CPU.Build.0 = Release|Any CPU
		{A4D945ED-9860-4DFC-9B80-F0BA8D21C4C5}.Release|ARM.ActiveCfg = Release|Any CPU
		{A4D945ED-9860-4DFC-9B80-F0BA8D21C4C5}.Release|iPhone.ActiveCfg = Release|Any CPU
		{A4D945ED-9860-4DFC-9B80-F0BA8D21C4C5}.Release|iPhoneSimulator.ActiveCfg = Release|Any CPU
		{A4D945ED-9860-4DFC-9B80-F0BA8D21C4C5}.Release|Mixed Platforms.ActiveCfg = Release|Any CPU
		{A4D945ED-9860-4DFC-9B80-F0BA8D21C4C5}.Release|Mixed Platforms.Build.0 = Release|Any CPU
		{A4D945ED-9860-4DFC-9B80-F0BA8D21C4C5}.Release|x64.ActiveCfg = Release|Any CPU
		{A4D945ED-9860-4DFC-9B80-F0BA8D21C4C5}.Release|x86.ActiveCfg = Release|Any CPU
		{110B497C-CE95-4DB1-8343-58B6AF3F87D6}.Ad-Hoc|Any CPU.ActiveCfg = Ad-Hoc|iPhone
		{110B497C-CE95-4DB1-8343-58B6AF3F87D6}.Ad-Hoc|ARM.ActiveCfg = Ad-Hoc|iPhone
		{110B497C-CE95-4DB1-8343-58B6AF3F87D6}.Ad-Hoc|iPhone.ActiveCfg = Ad-Hoc|iPhone
		{110B497C-CE95-4DB1-8343-58B6AF3F87D6}.Ad-Hoc|iPhone.Build.0 = Ad-Hoc|iPhone
		{110B497C-CE95-4DB1-8343-58B6AF3F87D6}.Ad-Hoc|iPhoneSimulator.ActiveCfg = Ad-Hoc|iPhoneSimulator
		{110B497C-CE95-4DB1-8343-58B6AF3F87D6}.Ad-Hoc|iPhoneSimulator.Build.0 = Ad-Hoc|iPhoneSimulator
		{110B497C-CE95-4DB1-8343-58B6AF3F87D6}.Ad-Hoc|Mixed Platforms.ActiveCfg = Ad-Hoc|iPhone
		{110B497C-CE95-4DB1-8343-58B6AF3F87D6}.Ad-Hoc|Mixed Platforms.Build.0 = Ad-Hoc|iPhone
		{110B497C-CE95-4DB1-8343-58B6AF3F87D6}.Ad-Hoc|x64.ActiveCfg = Ad-Hoc|iPhoneSimulator
		{110B497C-CE95-4DB1-8343-58B6AF3F87D6}.Ad-Hoc|x86.ActiveCfg = Ad-Hoc|iPhone
		{110B497C-CE95-4DB1-8343-58B6AF3F87D6}.AppStore|Any CPU.ActiveCfg = AppStore|iPhone
		{110B497C-CE95-4DB1-8343-58B6AF3F87D6}.AppStore|ARM.ActiveCfg = AppStore|iPhone
		{110B497C-CE95-4DB1-8343-58B6AF3F87D6}.AppStore|iPhone.ActiveCfg = AppStore|iPhone
		{110B497C-CE95-4DB1-8343-58B6AF3F87D6}.AppStore|iPhone.Build.0 = AppStore|iPhone
		{110B497C-CE95-4DB1-8343-58B6AF3F87D6}.AppStore|iPhoneSimulator.ActiveCfg = AppStore|iPhoneSimulator
		{110B497C-CE95-4DB1-8343-58B6AF3F87D6}.AppStore|iPhoneSimulator.Build.0 = AppStore|iPhoneSimulator
		{110B497C-CE95-4DB1-8343-58B6AF3F87D6}.AppStore|Mixed Platforms.ActiveCfg = AppStore|iPhone
		{110B497C-CE95-4DB1-8343-58B6AF3F87D6}.AppStore|Mixed Platforms.Build.0 = AppStore|iPhone
		{110B497C-CE95-4DB1-8343-58B6AF3F87D6}.AppStore|x64.ActiveCfg = AppStore|iPhoneSimulator
		{110B497C-CE95-4DB1-8343-58B6AF3F87D6}.AppStore|x86.ActiveCfg = AppStore|iPhone
		{110B497C-CE95-4DB1-8343-58B6AF3F87D6}.Debug|Any CPU.ActiveCfg = Debug|iPhone
		{110B497C-CE95-4DB1-8343-58B6AF3F87D6}.Debug|ARM.ActiveCfg = Debug|iPhone
		{110B497C-CE95-4DB1-8343-58B6AF3F87D6}.Debug|iPhone.ActiveCfg = Debug|iPhone
		{110B497C-CE95-4DB1-8343-58B6AF3F87D6}.Debug|iPhone.Build.0 = Debug|iPhone
		{110B497C-CE95-4DB1-8343-58B6AF3F87D6}.Debug|iPhoneSimulator.ActiveCfg = Debug|iPhoneSimulator
		{110B497C-CE95-4DB1-8343-58B6AF3F87D6}.Debug|iPhoneSimulator.Build.0 = Debug|iPhoneSimulator
		{110B497C-CE95-4DB1-8343-58B6AF3F87D6}.Debug|Mixed Platforms.ActiveCfg = Debug|iPhone
		{110B497C-CE95-4DB1-8343-58B6AF3F87D6}.Debug|Mixed Platforms.Build.0 = Debug|iPhone
		{110B497C-CE95-4DB1-8343-58B6AF3F87D6}.Debug|x64.ActiveCfg = Debug|iPhoneSimulator
		{110B497C-CE95-4DB1-8343-58B6AF3F87D6}.Debug|x86.ActiveCfg = Debug|iPhone
		{110B497C-CE95-4DB1-8343-58B6AF3F87D6}.Release|Any CPU.ActiveCfg = Release|iPhone
		{110B497C-CE95-4DB1-8343-58B6AF3F87D6}.Release|ARM.ActiveCfg = Release|iPhone
		{110B497C-CE95-4DB1-8343-58B6AF3F87D6}.Release|iPhone.ActiveCfg = Release|iPhone
		{110B497C-CE95-4DB1-8343-58B6AF3F87D6}.Release|iPhone.Build.0 = Release|iPhone
		{110B497C-CE95-4DB1-8343-58B6AF3F87D6}.Release|iPhoneSimulator.ActiveCfg = Release|iPhoneSimulator
		{110B497C-CE95-4DB1-8343-58B6AF3F87D6}.Release|iPhoneSimulator.Build.0 = Release|iPhoneSimulator
		{110B497C-CE95-4DB1-8343-58B6AF3F87D6}.Release|Mixed Platforms.ActiveCfg = Release|iPhone
		{110B497C-CE95-4DB1-8343-58B6AF3F87D6}.Release|Mixed Platforms.Build.0 = Release|iPhone
		{110B497C-CE95-4DB1-8343-58B6AF3F87D6}.Release|x64.ActiveCfg = Release|iPhoneSimulator
		{110B497C-CE95-4DB1-8343-58B6AF3F87D6}.Release|x86.ActiveCfg = Release|iPhone
		{A19EBFC2-71F7-4463-AADC-1DFB15CFE4B2}.Ad-Hoc|Any CPU.ActiveCfg = Release|Any CPU
		{A19EBFC2-71F7-4463-AADC-1DFB15CFE4B2}.Ad-Hoc|Any CPU.Build.0 = Release|Any CPU
		{A19EBFC2-71F7-4463-AADC-1DFB15CFE4B2}.Ad-Hoc|Any CPU.Deploy.0 = Release|Any CPU
		{A19EBFC2-71F7-4463-AADC-1DFB15CFE4B2}.Ad-Hoc|ARM.ActiveCfg = Release|Any CPU
		{A19EBFC2-71F7-4463-AADC-1DFB15CFE4B2}.Ad-Hoc|iPhone.ActiveCfg = Release|Any CPU
		{A19EBFC2-71F7-4463-AADC-1DFB15CFE4B2}.Ad-Hoc|iPhoneSimulator.ActiveCfg = Release|Any CPU
		{A19EBFC2-71F7-4463-AADC-1DFB15CFE4B2}.Ad-Hoc|Mixed Platforms.ActiveCfg = Release|Any CPU
		{A19EBFC2-71F7-4463-AADC-1DFB15CFE4B2}.Ad-Hoc|Mixed Platforms.Build.0 = Release|Any CPU
		{A19EBFC2-71F7-4463-AADC-1DFB15CFE4B2}.Ad-Hoc|Mixed Platforms.Deploy.0 = Release|Any CPU
		{A19EBFC2-71F7-4463-AADC-1DFB15CFE4B2}.Ad-Hoc|x64.ActiveCfg = Debug|Any CPU
		{A19EBFC2-71F7-4463-AADC-1DFB15CFE4B2}.Ad-Hoc|x86.ActiveCfg = Release|Any CPU
		{A19EBFC2-71F7-4463-AADC-1DFB15CFE4B2}.AppStore|Any CPU.ActiveCfg = Release|Any CPU
		{A19EBFC2-71F7-4463-AADC-1DFB15CFE4B2}.AppStore|Any CPU.Build.0 = Release|Any CPU
		{A19EBFC2-71F7-4463-AADC-1DFB15CFE4B2}.AppStore|Any CPU.Deploy.0 = Release|Any CPU
		{A19EBFC2-71F7-4463-AADC-1DFB15CFE4B2}.AppStore|ARM.ActiveCfg = Release|Any CPU
		{A19EBFC2-71F7-4463-AADC-1DFB15CFE4B2}.AppStore|iPhone.ActiveCfg = Release|Any CPU
		{A19EBFC2-71F7-4463-AADC-1DFB15CFE4B2}.AppStore|iPhoneSimulator.ActiveCfg = Release|Any CPU
		{A19EBFC2-71F7-4463-AADC-1DFB15CFE4B2}.AppStore|Mixed Platforms.ActiveCfg = Release|Any CPU
		{A19EBFC2-71F7-4463-AADC-1DFB15CFE4B2}.AppStore|Mixed Platforms.Build.0 = Release|Any CPU
		{A19EBFC2-71F7-4463-AADC-1DFB15CFE4B2}.AppStore|Mixed Platforms.Deploy.0 = Release|Any CPU
		{A19EBFC2-71F7-4463-AADC-1DFB15CFE4B2}.AppStore|x64.ActiveCfg = Debug|Any CPU
		{A19EBFC2-71F7-4463-AADC-1DFB15CFE4B2}.AppStore|x86.ActiveCfg = Release|Any CPU
		{A19EBFC2-71F7-4463-AADC-1DFB15CFE4B2}.Debug|Any CPU.ActiveCfg = Debug|Any CPU
		{A19EBFC2-71F7-4463-AADC-1DFB15CFE4B2}.Debug|Any CPU.Build.0 = Debug|Any CPU
		{A19EBFC2-71F7-4463-AADC-1DFB15CFE4B2}.Debug|Any CPU.Deploy.0 = Debug|Any CPU
		{A19EBFC2-71F7-4463-AADC-1DFB15CFE4B2}.Debug|ARM.ActiveCfg = Debug|Any CPU
		{A19EBFC2-71F7-4463-AADC-1DFB15CFE4B2}.Debug|iPhone.ActiveCfg = Debug|Any CPU
		{A19EBFC2-71F7-4463-AADC-1DFB15CFE4B2}.Debug|iPhoneSimulator.ActiveCfg = Debug|Any CPU
		{A19EBFC2-71F7-4463-AADC-1DFB15CFE4B2}.Debug|Mixed Platforms.ActiveCfg = Debug|Any CPU
		{A19EBFC2-71F7-4463-AADC-1DFB15CFE4B2}.Debug|x64.ActiveCfg = Debug|Any CPU
		{A19EBFC2-71F7-4463-AADC-1DFB15CFE4B2}.Debug|x86.ActiveCfg = Debug|Any CPU
		{A19EBFC2-71F7-4463-AADC-1DFB15CFE4B2}.Release|Any CPU.ActiveCfg = Release|Any CPU
		{A19EBFC2-71F7-4463-AADC-1DFB15CFE4B2}.Release|Any CPU.Build.0 = Release|Any CPU
		{A19EBFC2-71F7-4463-AADC-1DFB15CFE4B2}.Release|Any CPU.Deploy.0 = Release|Any CPU
		{A19EBFC2-71F7-4463-AADC-1DFB15CFE4B2}.Release|ARM.ActiveCfg = Release|Any CPU
		{A19EBFC2-71F7-4463-AADC-1DFB15CFE4B2}.Release|iPhone.ActiveCfg = Release|Any CPU
		{A19EBFC2-71F7-4463-AADC-1DFB15CFE4B2}.Release|iPhoneSimulator.ActiveCfg = Release|Any CPU
		{A19EBFC2-71F7-4463-AADC-1DFB15CFE4B2}.Release|Mixed Platforms.ActiveCfg = Release|Any CPU
		{A19EBFC2-71F7-4463-AADC-1DFB15CFE4B2}.Release|Mixed Platforms.Build.0 = Release|Any CPU
		{A19EBFC2-71F7-4463-AADC-1DFB15CFE4B2}.Release|Mixed Platforms.Deploy.0 = Release|Any CPU
		{A19EBFC2-71F7-4463-AADC-1DFB15CFE4B2}.Release|x64.ActiveCfg = Release|Any CPU
		{A19EBFC2-71F7-4463-AADC-1DFB15CFE4B2}.Release|x86.ActiveCfg = Release|Any CPU
		{56DBDDF9-8C23-499F-AB1C-DD81E2CE579B}.Ad-Hoc|Any CPU.ActiveCfg = Release|Any CPU
		{56DBDDF9-8C23-499F-AB1C-DD81E2CE579B}.Ad-Hoc|Any CPU.Build.0 = Release|Any CPU
		{56DBDDF9-8C23-499F-AB1C-DD81E2CE579B}.Ad-Hoc|Any CPU.Deploy.0 = Release|Any CPU
		{56DBDDF9-8C23-499F-AB1C-DD81E2CE579B}.Ad-Hoc|ARM.ActiveCfg = Release|ARM
		{56DBDDF9-8C23-499F-AB1C-DD81E2CE579B}.Ad-Hoc|ARM.Build.0 = Release|ARM
		{56DBDDF9-8C23-499F-AB1C-DD81E2CE579B}.Ad-Hoc|ARM.Deploy.0 = Release|ARM
		{56DBDDF9-8C23-499F-AB1C-DD81E2CE579B}.Ad-Hoc|iPhone.ActiveCfg = Release|Any CPU
		{56DBDDF9-8C23-499F-AB1C-DD81E2CE579B}.Ad-Hoc|iPhoneSimulator.ActiveCfg = Release|Any CPU
		{56DBDDF9-8C23-499F-AB1C-DD81E2CE579B}.Ad-Hoc|Mixed Platforms.ActiveCfg = Release|x86
		{56DBDDF9-8C23-499F-AB1C-DD81E2CE579B}.Ad-Hoc|Mixed Platforms.Build.0 = Release|x86
		{56DBDDF9-8C23-499F-AB1C-DD81E2CE579B}.Ad-Hoc|Mixed Platforms.Deploy.0 = Release|x86
		{56DBDDF9-8C23-499F-AB1C-DD81E2CE579B}.Ad-Hoc|x64.ActiveCfg = Debug|Any CPU
		{56DBDDF9-8C23-499F-AB1C-DD81E2CE579B}.Ad-Hoc|x86.ActiveCfg = Release|x86
		{56DBDDF9-8C23-499F-AB1C-DD81E2CE579B}.Ad-Hoc|x86.Build.0 = Release|x86
		{56DBDDF9-8C23-499F-AB1C-DD81E2CE579B}.Ad-Hoc|x86.Deploy.0 = Release|x86
		{56DBDDF9-8C23-499F-AB1C-DD81E2CE579B}.AppStore|Any CPU.ActiveCfg = Release|Any CPU
		{56DBDDF9-8C23-499F-AB1C-DD81E2CE579B}.AppStore|Any CPU.Build.0 = Release|Any CPU
		{56DBDDF9-8C23-499F-AB1C-DD81E2CE579B}.AppStore|Any CPU.Deploy.0 = Release|Any CPU
		{56DBDDF9-8C23-499F-AB1C-DD81E2CE579B}.AppStore|ARM.ActiveCfg = Release|ARM
		{56DBDDF9-8C23-499F-AB1C-DD81E2CE579B}.AppStore|ARM.Build.0 = Release|ARM
		{56DBDDF9-8C23-499F-AB1C-DD81E2CE579B}.AppStore|ARM.Deploy.0 = Release|ARM
		{56DBDDF9-8C23-499F-AB1C-DD81E2CE579B}.AppStore|iPhone.ActiveCfg = Release|Any CPU
		{56DBDDF9-8C23-499F-AB1C-DD81E2CE579B}.AppStore|iPhoneSimulator.ActiveCfg = Release|Any CPU
		{56DBDDF9-8C23-499F-AB1C-DD81E2CE579B}.AppStore|Mixed Platforms.ActiveCfg = Release|x86
		{56DBDDF9-8C23-499F-AB1C-DD81E2CE579B}.AppStore|Mixed Platforms.Build.0 = Release|x86
		{56DBDDF9-8C23-499F-AB1C-DD81E2CE579B}.AppStore|Mixed Platforms.Deploy.0 = Release|x86
		{56DBDDF9-8C23-499F-AB1C-DD81E2CE579B}.AppStore|x64.ActiveCfg = Debug|Any CPU
		{56DBDDF9-8C23-499F-AB1C-DD81E2CE579B}.AppStore|x86.ActiveCfg = Release|x86
		{56DBDDF9-8C23-499F-AB1C-DD81E2CE579B}.AppStore|x86.Build.0 = Release|x86
		{56DBDDF9-8C23-499F-AB1C-DD81E2CE579B}.AppStore|x86.Deploy.0 = Release|x86
		{56DBDDF9-8C23-499F-AB1C-DD81E2CE579B}.Debug|Any CPU.ActiveCfg = Debug|Any CPU
		{56DBDDF9-8C23-499F-AB1C-DD81E2CE579B}.Debug|Any CPU.Build.0 = Debug|Any CPU
		{56DBDDF9-8C23-499F-AB1C-DD81E2CE579B}.Debug|Any CPU.Deploy.0 = Debug|Any CPU
		{56DBDDF9-8C23-499F-AB1C-DD81E2CE579B}.Debug|ARM.ActiveCfg = Debug|ARM
		{56DBDDF9-8C23-499F-AB1C-DD81E2CE579B}.Debug|ARM.Build.0 = Debug|ARM
		{56DBDDF9-8C23-499F-AB1C-DD81E2CE579B}.Debug|ARM.Deploy.0 = Debug|ARM
		{56DBDDF9-8C23-499F-AB1C-DD81E2CE579B}.Debug|iPhone.ActiveCfg = Debug|Any CPU
		{56DBDDF9-8C23-499F-AB1C-DD81E2CE579B}.Debug|iPhoneSimulator.ActiveCfg = Debug|Any CPU
		{56DBDDF9-8C23-499F-AB1C-DD81E2CE579B}.Debug|Mixed Platforms.ActiveCfg = Debug|Any CPU
		{56DBDDF9-8C23-499F-AB1C-DD81E2CE579B}.Debug|Mixed Platforms.Build.0 = Debug|Any CPU
		{56DBDDF9-8C23-499F-AB1C-DD81E2CE579B}.Debug|x64.ActiveCfg = Debug|Any CPU
		{56DBDDF9-8C23-499F-AB1C-DD81E2CE579B}.Debug|x86.ActiveCfg = Debug|x86
		{56DBDDF9-8C23-499F-AB1C-DD81E2CE579B}.Debug|x86.Build.0 = Debug|x86
		{56DBDDF9-8C23-499F-AB1C-DD81E2CE579B}.Debug|x86.Deploy.0 = Debug|x86
		{56DBDDF9-8C23-499F-AB1C-DD81E2CE579B}.Release|Any CPU.ActiveCfg = Release|Any CPU
		{56DBDDF9-8C23-499F-AB1C-DD81E2CE579B}.Release|Any CPU.Build.0 = Release|Any CPU
		{56DBDDF9-8C23-499F-AB1C-DD81E2CE579B}.Release|Any CPU.Deploy.0 = Release|Any CPU
		{56DBDDF9-8C23-499F-AB1C-DD81E2CE579B}.Release|ARM.ActiveCfg = Release|ARM
		{56DBDDF9-8C23-499F-AB1C-DD81E2CE579B}.Release|ARM.Build.0 = Release|ARM
		{56DBDDF9-8C23-499F-AB1C-DD81E2CE579B}.Release|ARM.Deploy.0 = Release|ARM
		{56DBDDF9-8C23-499F-AB1C-DD81E2CE579B}.Release|iPhone.ActiveCfg = Release|Any CPU
		{56DBDDF9-8C23-499F-AB1C-DD81E2CE579B}.Release|iPhoneSimulator.ActiveCfg = Release|Any CPU
		{56DBDDF9-8C23-499F-AB1C-DD81E2CE579B}.Release|Mixed Platforms.ActiveCfg = Release|x86
		{56DBDDF9-8C23-499F-AB1C-DD81E2CE579B}.Release|Mixed Platforms.Build.0 = Release|x86
		{56DBDDF9-8C23-499F-AB1C-DD81E2CE579B}.Release|Mixed Platforms.Deploy.0 = Release|x86
		{56DBDDF9-8C23-499F-AB1C-DD81E2CE579B}.Release|x64.ActiveCfg = Release|Any CPU
		{56DBDDF9-8C23-499F-AB1C-DD81E2CE579B}.Release|x86.ActiveCfg = Release|x86
		{56DBDDF9-8C23-499F-AB1C-DD81E2CE579B}.Release|x86.Build.0 = Release|x86
		{56DBDDF9-8C23-499F-AB1C-DD81E2CE579B}.Release|x86.Deploy.0 = Release|x86
		{8A02E6AD-91FB-4401-872B-D880B44F7768}.Ad-Hoc|Any CPU.ActiveCfg = Release|Any CPU
		{8A02E6AD-91FB-4401-872B-D880B44F7768}.Ad-Hoc|Any CPU.Build.0 = Release|Any CPU
		{8A02E6AD-91FB-4401-872B-D880B44F7768}.Ad-Hoc|ARM.ActiveCfg = Release|Any CPU
		{8A02E6AD-91FB-4401-872B-D880B44F7768}.Ad-Hoc|iPhone.ActiveCfg = Release|Any CPU
		{8A02E6AD-91FB-4401-872B-D880B44F7768}.Ad-Hoc|iPhoneSimulator.ActiveCfg = Release|Any CPU
		{8A02E6AD-91FB-4401-872B-D880B44F7768}.Ad-Hoc|Mixed Platforms.ActiveCfg = Release|Any CPU
		{8A02E6AD-91FB-4401-872B-D880B44F7768}.Ad-Hoc|Mixed Platforms.Build.0 = Release|Any CPU
		{8A02E6AD-91FB-4401-872B-D880B44F7768}.Ad-Hoc|x64.ActiveCfg = Debug|Any CPU
		{8A02E6AD-91FB-4401-872B-D880B44F7768}.Ad-Hoc|x86.ActiveCfg = Release|Any CPU
		{8A02E6AD-91FB-4401-872B-D880B44F7768}.AppStore|Any CPU.ActiveCfg = Release|Any CPU
		{8A02E6AD-91FB-4401-872B-D880B44F7768}.AppStore|Any CPU.Build.0 = Release|Any CPU
		{8A02E6AD-91FB-4401-872B-D880B44F7768}.AppStore|ARM.ActiveCfg = Release|Any CPU
		{8A02E6AD-91FB-4401-872B-D880B44F7768}.AppStore|iPhone.ActiveCfg = Release|Any CPU
		{8A02E6AD-91FB-4401-872B-D880B44F7768}.AppStore|iPhoneSimulator.ActiveCfg = Release|Any CPU
		{8A02E6AD-91FB-4401-872B-D880B44F7768}.AppStore|Mixed Platforms.ActiveCfg = Release|Any CPU
		{8A02E6AD-91FB-4401-872B-D880B44F7768}.AppStore|Mixed Platforms.Build.0 = Release|Any CPU
		{8A02E6AD-91FB-4401-872B-D880B44F7768}.AppStore|x64.ActiveCfg = Debug|Any CPU
		{8A02E6AD-91FB-4401-872B-D880B44F7768}.AppStore|x86.ActiveCfg = Release|Any CPU
		{8A02E6AD-91FB-4401-872B-D880B44F7768}.Debug|Any CPU.ActiveCfg = Debug|Any CPU
		{8A02E6AD-91FB-4401-872B-D880B44F7768}.Debug|Any CPU.Build.0 = Debug|Any CPU
		{8A02E6AD-91FB-4401-872B-D880B44F7768}.Debug|ARM.ActiveCfg = Debug|Any CPU
		{8A02E6AD-91FB-4401-872B-D880B44F7768}.Debug|iPhone.ActiveCfg = Debug|Any CPU
		{8A02E6AD-91FB-4401-872B-D880B44F7768}.Debug|iPhoneSimulator.ActiveCfg = Debug|Any CPU
		{8A02E6AD-91FB-4401-872B-D880B44F7768}.Debug|Mixed Platforms.ActiveCfg = Debug|Any CPU
		{8A02E6AD-91FB-4401-872B-D880B44F7768}.Debug|Mixed Platforms.Build.0 = Debug|Any CPU
		{8A02E6AD-91FB-4401-872B-D880B44F7768}.Debug|x64.ActiveCfg = Debug|Any CPU
		{8A02E6AD-91FB-4401-872B-D880B44F7768}.Debug|x86.ActiveCfg = Debug|Any CPU
		{8A02E6AD-91FB-4401-872B-D880B44F7768}.Release|Any CPU.ActiveCfg = Release|Any CPU
		{8A02E6AD-91FB-4401-872B-D880B44F7768}.Release|Any CPU.Build.0 = Release|Any CPU
		{8A02E6AD-91FB-4401-872B-D880B44F7768}.Release|ARM.ActiveCfg = Release|Any CPU
		{8A02E6AD-91FB-4401-872B-D880B44F7768}.Release|iPhone.ActiveCfg = Release|Any CPU
		{8A02E6AD-91FB-4401-872B-D880B44F7768}.Release|iPhoneSimulator.ActiveCfg = Release|Any CPU
		{8A02E6AD-91FB-4401-872B-D880B44F7768}.Release|Mixed Platforms.ActiveCfg = Release|Any CPU
		{8A02E6AD-91FB-4401-872B-D880B44F7768}.Release|Mixed Platforms.Build.0 = Release|Any CPU
		{8A02E6AD-91FB-4401-872B-D880B44F7768}.Release|x64.ActiveCfg = Release|Any CPU
		{8A02E6AD-91FB-4401-872B-D880B44F7768}.Release|x86.ActiveCfg = Release|Any CPU
		{BC2C8109-51D9-4FC5-A195-B14DE8E02D39}.Ad-Hoc|Any CPU.ActiveCfg = Release|Any CPU
		{BC2C8109-51D9-4FC5-A195-B14DE8E02D39}.Ad-Hoc|Any CPU.Build.0 = Release|Any CPU
		{BC2C8109-51D9-4FC5-A195-B14DE8E02D39}.Ad-Hoc|ARM.ActiveCfg = Release|Any CPU
		{BC2C8109-51D9-4FC5-A195-B14DE8E02D39}.Ad-Hoc|iPhone.ActiveCfg = Release|Any CPU
		{BC2C8109-51D9-4FC5-A195-B14DE8E02D39}.Ad-Hoc|iPhoneSimulator.ActiveCfg = Release|Any CPU
		{BC2C8109-51D9-4FC5-A195-B14DE8E02D39}.Ad-Hoc|Mixed Platforms.ActiveCfg = Release|Any CPU
		{BC2C8109-51D9-4FC5-A195-B14DE8E02D39}.Ad-Hoc|Mixed Platforms.Build.0 = Release|Any CPU
		{BC2C8109-51D9-4FC5-A195-B14DE8E02D39}.Ad-Hoc|x64.ActiveCfg = Debug|Any CPU
		{BC2C8109-51D9-4FC5-A195-B14DE8E02D39}.Ad-Hoc|x86.ActiveCfg = Release|Any CPU
		{BC2C8109-51D9-4FC5-A195-B14DE8E02D39}.AppStore|Any CPU.ActiveCfg = Release|Any CPU
		{BC2C8109-51D9-4FC5-A195-B14DE8E02D39}.AppStore|Any CPU.Build.0 = Release|Any CPU
		{BC2C8109-51D9-4FC5-A195-B14DE8E02D39}.AppStore|ARM.ActiveCfg = Release|Any CPU
		{BC2C8109-51D9-4FC5-A195-B14DE8E02D39}.AppStore|iPhone.ActiveCfg = Release|Any CPU
		{BC2C8109-51D9-4FC5-A195-B14DE8E02D39}.AppStore|iPhoneSimulator.ActiveCfg = Release|Any CPU
		{BC2C8109-51D9-4FC5-A195-B14DE8E02D39}.AppStore|Mixed Platforms.ActiveCfg = Release|Any CPU
		{BC2C8109-51D9-4FC5-A195-B14DE8E02D39}.AppStore|Mixed Platforms.Build.0 = Release|Any CPU
		{BC2C8109-51D9-4FC5-A195-B14DE8E02D39}.AppStore|x64.ActiveCfg = Debug|Any CPU
		{BC2C8109-51D9-4FC5-A195-B14DE8E02D39}.AppStore|x86.ActiveCfg = Release|Any CPU
		{BC2C8109-51D9-4FC5-A195-B14DE8E02D39}.Debug|Any CPU.ActiveCfg = Debug|Any CPU
		{BC2C8109-51D9-4FC5-A195-B14DE8E02D39}.Debug|Any CPU.Build.0 = Debug|Any CPU
		{BC2C8109-51D9-4FC5-A195-B14DE8E02D39}.Debug|ARM.ActiveCfg = Debug|Any CPU
		{BC2C8109-51D9-4FC5-A195-B14DE8E02D39}.Debug|iPhone.ActiveCfg = Debug|Any CPU
		{BC2C8109-51D9-4FC5-A195-B14DE8E02D39}.Debug|iPhoneSimulator.ActiveCfg = Debug|Any CPU
		{BC2C8109-51D9-4FC5-A195-B14DE8E02D39}.Debug|Mixed Platforms.ActiveCfg = Debug|Any CPU
		{BC2C8109-51D9-4FC5-A195-B14DE8E02D39}.Debug|Mixed Platforms.Build.0 = Debug|Any CPU
		{BC2C8109-51D9-4FC5-A195-B14DE8E02D39}.Debug|x64.ActiveCfg = Debug|Any CPU
		{BC2C8109-51D9-4FC5-A195-B14DE8E02D39}.Debug|x86.ActiveCfg = Debug|Any CPU
		{BC2C8109-51D9-4FC5-A195-B14DE8E02D39}.Release|Any CPU.ActiveCfg = Release|Any CPU
		{BC2C8109-51D9-4FC5-A195-B14DE8E02D39}.Release|Any CPU.Build.0 = Release|Any CPU
		{BC2C8109-51D9-4FC5-A195-B14DE8E02D39}.Release|ARM.ActiveCfg = Release|Any CPU
		{BC2C8109-51D9-4FC5-A195-B14DE8E02D39}.Release|iPhone.ActiveCfg = Release|Any CPU
		{BC2C8109-51D9-4FC5-A195-B14DE8E02D39}.Release|iPhoneSimulator.ActiveCfg = Release|Any CPU
		{BC2C8109-51D9-4FC5-A195-B14DE8E02D39}.Release|Mixed Platforms.ActiveCfg = Release|Any CPU
		{BC2C8109-51D9-4FC5-A195-B14DE8E02D39}.Release|Mixed Platforms.Build.0 = Release|Any CPU
		{BC2C8109-51D9-4FC5-A195-B14DE8E02D39}.Release|x64.ActiveCfg = Release|Any CPU
		{BC2C8109-51D9-4FC5-A195-B14DE8E02D39}.Release|x86.ActiveCfg = Release|Any CPU
		{1B8FAFD8-DDCE-4806-B61A-AAF826FFFED9}.Ad-Hoc|Any CPU.ActiveCfg = Release|Any CPU
		{1B8FAFD8-DDCE-4806-B61A-AAF826FFFED9}.Ad-Hoc|Any CPU.Build.0 = Release|Any CPU
		{1B8FAFD8-DDCE-4806-B61A-AAF826FFFED9}.Ad-Hoc|Any CPU.Deploy.0 = Release|Any CPU
		{1B8FAFD8-DDCE-4806-B61A-AAF826FFFED9}.Ad-Hoc|ARM.ActiveCfg = Release|ARM
		{1B8FAFD8-DDCE-4806-B61A-AAF826FFFED9}.Ad-Hoc|ARM.Build.0 = Release|ARM
		{1B8FAFD8-DDCE-4806-B61A-AAF826FFFED9}.Ad-Hoc|ARM.Deploy.0 = Release|ARM
		{1B8FAFD8-DDCE-4806-B61A-AAF826FFFED9}.Ad-Hoc|iPhone.ActiveCfg = Release|Any CPU
		{1B8FAFD8-DDCE-4806-B61A-AAF826FFFED9}.Ad-Hoc|iPhoneSimulator.ActiveCfg = Release|Any CPU
		{1B8FAFD8-DDCE-4806-B61A-AAF826FFFED9}.Ad-Hoc|Mixed Platforms.ActiveCfg = Release|x86
		{1B8FAFD8-DDCE-4806-B61A-AAF826FFFED9}.Ad-Hoc|Mixed Platforms.Build.0 = Release|x86
		{1B8FAFD8-DDCE-4806-B61A-AAF826FFFED9}.Ad-Hoc|Mixed Platforms.Deploy.0 = Release|x86
		{1B8FAFD8-DDCE-4806-B61A-AAF826FFFED9}.Ad-Hoc|x64.ActiveCfg = Release|x64
		{1B8FAFD8-DDCE-4806-B61A-AAF826FFFED9}.Ad-Hoc|x64.Build.0 = Release|x64
		{1B8FAFD8-DDCE-4806-B61A-AAF826FFFED9}.Ad-Hoc|x64.Deploy.0 = Release|x64
		{1B8FAFD8-DDCE-4806-B61A-AAF826FFFED9}.Ad-Hoc|x86.ActiveCfg = Release|x86
		{1B8FAFD8-DDCE-4806-B61A-AAF826FFFED9}.Ad-Hoc|x86.Build.0 = Release|x86
		{1B8FAFD8-DDCE-4806-B61A-AAF826FFFED9}.Ad-Hoc|x86.Deploy.0 = Release|x86
		{1B8FAFD8-DDCE-4806-B61A-AAF826FFFED9}.AppStore|Any CPU.ActiveCfg = Release|Any CPU
		{1B8FAFD8-DDCE-4806-B61A-AAF826FFFED9}.AppStore|Any CPU.Build.0 = Release|Any CPU
		{1B8FAFD8-DDCE-4806-B61A-AAF826FFFED9}.AppStore|Any CPU.Deploy.0 = Release|Any CPU
		{1B8FAFD8-DDCE-4806-B61A-AAF826FFFED9}.AppStore|ARM.ActiveCfg = Release|ARM
		{1B8FAFD8-DDCE-4806-B61A-AAF826FFFED9}.AppStore|ARM.Build.0 = Release|ARM
		{1B8FAFD8-DDCE-4806-B61A-AAF826FFFED9}.AppStore|ARM.Deploy.0 = Release|ARM
		{1B8FAFD8-DDCE-4806-B61A-AAF826FFFED9}.AppStore|iPhone.ActiveCfg = Release|Any CPU
		{1B8FAFD8-DDCE-4806-B61A-AAF826FFFED9}.AppStore|iPhoneSimulator.ActiveCfg = Release|Any CPU
		{1B8FAFD8-DDCE-4806-B61A-AAF826FFFED9}.AppStore|Mixed Platforms.ActiveCfg = Release|x86
		{1B8FAFD8-DDCE-4806-B61A-AAF826FFFED9}.AppStore|Mixed Platforms.Build.0 = Release|x86
		{1B8FAFD8-DDCE-4806-B61A-AAF826FFFED9}.AppStore|Mixed Platforms.Deploy.0 = Release|x86
		{1B8FAFD8-DDCE-4806-B61A-AAF826FFFED9}.AppStore|x64.ActiveCfg = Release|x64
		{1B8FAFD8-DDCE-4806-B61A-AAF826FFFED9}.AppStore|x64.Build.0 = Release|x64
		{1B8FAFD8-DDCE-4806-B61A-AAF826FFFED9}.AppStore|x64.Deploy.0 = Release|x64
		{1B8FAFD8-DDCE-4806-B61A-AAF826FFFED9}.AppStore|x86.ActiveCfg = Release|x86
		{1B8FAFD8-DDCE-4806-B61A-AAF826FFFED9}.AppStore|x86.Build.0 = Release|x86
		{1B8FAFD8-DDCE-4806-B61A-AAF826FFFED9}.AppStore|x86.Deploy.0 = Release|x86
		{1B8FAFD8-DDCE-4806-B61A-AAF826FFFED9}.Debug|Any CPU.ActiveCfg = Debug|Any CPU
		{1B8FAFD8-DDCE-4806-B61A-AAF826FFFED9}.Debug|Any CPU.Build.0 = Debug|Any CPU
		{1B8FAFD8-DDCE-4806-B61A-AAF826FFFED9}.Debug|Any CPU.Deploy.0 = Debug|Any CPU
		{1B8FAFD8-DDCE-4806-B61A-AAF826FFFED9}.Debug|ARM.ActiveCfg = Debug|ARM
		{1B8FAFD8-DDCE-4806-B61A-AAF826FFFED9}.Debug|ARM.Build.0 = Debug|ARM
		{1B8FAFD8-DDCE-4806-B61A-AAF826FFFED9}.Debug|ARM.Deploy.0 = Debug|ARM
		{1B8FAFD8-DDCE-4806-B61A-AAF826FFFED9}.Debug|iPhone.ActiveCfg = Debug|Any CPU
		{1B8FAFD8-DDCE-4806-B61A-AAF826FFFED9}.Debug|iPhoneSimulator.ActiveCfg = Debug|Any CPU
		{1B8FAFD8-DDCE-4806-B61A-AAF826FFFED9}.Debug|Mixed Platforms.ActiveCfg = Debug|x86
		{1B8FAFD8-DDCE-4806-B61A-AAF826FFFED9}.Debug|Mixed Platforms.Build.0 = Debug|x86
		{1B8FAFD8-DDCE-4806-B61A-AAF826FFFED9}.Debug|Mixed Platforms.Deploy.0 = Debug|x86
		{1B8FAFD8-DDCE-4806-B61A-AAF826FFFED9}.Debug|x64.ActiveCfg = Debug|x64
		{1B8FAFD8-DDCE-4806-B61A-AAF826FFFED9}.Debug|x64.Build.0 = Debug|x64
		{1B8FAFD8-DDCE-4806-B61A-AAF826FFFED9}.Debug|x64.Deploy.0 = Debug|x64
		{1B8FAFD8-DDCE-4806-B61A-AAF826FFFED9}.Debug|x86.ActiveCfg = Debug|x86
		{1B8FAFD8-DDCE-4806-B61A-AAF826FFFED9}.Debug|x86.Build.0 = Debug|x86
		{1B8FAFD8-DDCE-4806-B61A-AAF826FFFED9}.Debug|x86.Deploy.0 = Debug|x86
		{1B8FAFD8-DDCE-4806-B61A-AAF826FFFED9}.Release|Any CPU.ActiveCfg = Release|Any CPU
		{1B8FAFD8-DDCE-4806-B61A-AAF826FFFED9}.Release|Any CPU.Build.0 = Release|Any CPU
		{1B8FAFD8-DDCE-4806-B61A-AAF826FFFED9}.Release|Any CPU.Deploy.0 = Release|Any CPU
		{1B8FAFD8-DDCE-4806-B61A-AAF826FFFED9}.Release|ARM.ActiveCfg = Release|ARM
		{1B8FAFD8-DDCE-4806-B61A-AAF826FFFED9}.Release|ARM.Build.0 = Release|ARM
		{1B8FAFD8-DDCE-4806-B61A-AAF826FFFED9}.Release|ARM.Deploy.0 = Release|ARM
		{1B8FAFD8-DDCE-4806-B61A-AAF826FFFED9}.Release|iPhone.ActiveCfg = Release|Any CPU
		{1B8FAFD8-DDCE-4806-B61A-AAF826FFFED9}.Release|iPhoneSimulator.ActiveCfg = Release|Any CPU
		{1B8FAFD8-DDCE-4806-B61A-AAF826FFFED9}.Release|Mixed Platforms.ActiveCfg = Release|x86
		{1B8FAFD8-DDCE-4806-B61A-AAF826FFFED9}.Release|Mixed Platforms.Build.0 = Release|x86
		{1B8FAFD8-DDCE-4806-B61A-AAF826FFFED9}.Release|Mixed Platforms.Deploy.0 = Release|x86
		{1B8FAFD8-DDCE-4806-B61A-AAF826FFFED9}.Release|x64.ActiveCfg = Release|x64
		{1B8FAFD8-DDCE-4806-B61A-AAF826FFFED9}.Release|x64.Build.0 = Release|x64
		{1B8FAFD8-DDCE-4806-B61A-AAF826FFFED9}.Release|x64.Deploy.0 = Release|x64
		{1B8FAFD8-DDCE-4806-B61A-AAF826FFFED9}.Release|x86.ActiveCfg = Release|x86
		{1B8FAFD8-DDCE-4806-B61A-AAF826FFFED9}.Release|x86.Build.0 = Release|x86
		{1B8FAFD8-DDCE-4806-B61A-AAF826FFFED9}.Release|x86.Deploy.0 = Release|x86
		{104F3C2E-9DE7-4C7C-90C1-B393013E2F17}.Ad-Hoc|Any CPU.ActiveCfg = Release|Any CPU
		{104F3C2E-9DE7-4C7C-90C1-B393013E2F17}.Ad-Hoc|Any CPU.Build.0 = Release|Any CPU
		{104F3C2E-9DE7-4C7C-90C1-B393013E2F17}.Ad-Hoc|Any CPU.Deploy.0 = Release|Any CPU
		{104F3C2E-9DE7-4C7C-90C1-B393013E2F17}.Ad-Hoc|ARM.ActiveCfg = Release|ARM
		{104F3C2E-9DE7-4C7C-90C1-B393013E2F17}.Ad-Hoc|ARM.Build.0 = Release|ARM
		{104F3C2E-9DE7-4C7C-90C1-B393013E2F17}.Ad-Hoc|ARM.Deploy.0 = Release|ARM
		{104F3C2E-9DE7-4C7C-90C1-B393013E2F17}.Ad-Hoc|iPhone.ActiveCfg = Release|Any CPU
		{104F3C2E-9DE7-4C7C-90C1-B393013E2F17}.Ad-Hoc|iPhoneSimulator.ActiveCfg = Release|Any CPU
		{104F3C2E-9DE7-4C7C-90C1-B393013E2F17}.Ad-Hoc|Mixed Platforms.ActiveCfg = Release|x86
		{104F3C2E-9DE7-4C7C-90C1-B393013E2F17}.Ad-Hoc|Mixed Platforms.Build.0 = Release|x86
		{104F3C2E-9DE7-4C7C-90C1-B393013E2F17}.Ad-Hoc|Mixed Platforms.Deploy.0 = Release|x86
		{104F3C2E-9DE7-4C7C-90C1-B393013E2F17}.Ad-Hoc|x64.ActiveCfg = Release|Any CPU
		{104F3C2E-9DE7-4C7C-90C1-B393013E2F17}.Ad-Hoc|x86.ActiveCfg = Release|x86
		{104F3C2E-9DE7-4C7C-90C1-B393013E2F17}.Ad-Hoc|x86.Build.0 = Release|x86
		{104F3C2E-9DE7-4C7C-90C1-B393013E2F17}.Ad-Hoc|x86.Deploy.0 = Release|x86
		{104F3C2E-9DE7-4C7C-90C1-B393013E2F17}.AppStore|Any CPU.ActiveCfg = Release|Any CPU
		{104F3C2E-9DE7-4C7C-90C1-B393013E2F17}.AppStore|Any CPU.Build.0 = Release|Any CPU
		{104F3C2E-9DE7-4C7C-90C1-B393013E2F17}.AppStore|Any CPU.Deploy.0 = Release|Any CPU
		{104F3C2E-9DE7-4C7C-90C1-B393013E2F17}.AppStore|ARM.ActiveCfg = Release|ARM
		{104F3C2E-9DE7-4C7C-90C1-B393013E2F17}.AppStore|ARM.Build.0 = Release|ARM
		{104F3C2E-9DE7-4C7C-90C1-B393013E2F17}.AppStore|ARM.Deploy.0 = Release|ARM
		{104F3C2E-9DE7-4C7C-90C1-B393013E2F17}.AppStore|iPhone.ActiveCfg = Release|Any CPU
		{104F3C2E-9DE7-4C7C-90C1-B393013E2F17}.AppStore|iPhoneSimulator.ActiveCfg = Release|Any CPU
		{104F3C2E-9DE7-4C7C-90C1-B393013E2F17}.AppStore|Mixed Platforms.ActiveCfg = Release|x86
		{104F3C2E-9DE7-4C7C-90C1-B393013E2F17}.AppStore|Mixed Platforms.Build.0 = Release|x86
		{104F3C2E-9DE7-4C7C-90C1-B393013E2F17}.AppStore|Mixed Platforms.Deploy.0 = Release|x86
		{104F3C2E-9DE7-4C7C-90C1-B393013E2F17}.AppStore|x64.ActiveCfg = Release|Any CPU
		{104F3C2E-9DE7-4C7C-90C1-B393013E2F17}.AppStore|x86.ActiveCfg = Release|x86
		{104F3C2E-9DE7-4C7C-90C1-B393013E2F17}.AppStore|x86.Build.0 = Release|x86
		{104F3C2E-9DE7-4C7C-90C1-B393013E2F17}.AppStore|x86.Deploy.0 = Release|x86
		{104F3C2E-9DE7-4C7C-90C1-B393013E2F17}.Debug|Any CPU.ActiveCfg = Debug|Any CPU
		{104F3C2E-9DE7-4C7C-90C1-B393013E2F17}.Debug|Any CPU.Build.0 = Debug|Any CPU
		{104F3C2E-9DE7-4C7C-90C1-B393013E2F17}.Debug|Any CPU.Deploy.0 = Debug|Any CPU
		{104F3C2E-9DE7-4C7C-90C1-B393013E2F17}.Debug|ARM.ActiveCfg = Debug|ARM
		{104F3C2E-9DE7-4C7C-90C1-B393013E2F17}.Debug|ARM.Build.0 = Debug|ARM
		{104F3C2E-9DE7-4C7C-90C1-B393013E2F17}.Debug|ARM.Deploy.0 = Debug|ARM
		{104F3C2E-9DE7-4C7C-90C1-B393013E2F17}.Debug|iPhone.ActiveCfg = Debug|Any CPU
		{104F3C2E-9DE7-4C7C-90C1-B393013E2F17}.Debug|iPhoneSimulator.ActiveCfg = Debug|Any CPU
		{104F3C2E-9DE7-4C7C-90C1-B393013E2F17}.Debug|Mixed Platforms.ActiveCfg = Debug|x86
		{104F3C2E-9DE7-4C7C-90C1-B393013E2F17}.Debug|Mixed Platforms.Build.0 = Debug|x86
		{104F3C2E-9DE7-4C7C-90C1-B393013E2F17}.Debug|Mixed Platforms.Deploy.0 = Debug|x86
		{104F3C2E-9DE7-4C7C-90C1-B393013E2F17}.Debug|x64.ActiveCfg = Debug|Any CPU
		{104F3C2E-9DE7-4C7C-90C1-B393013E2F17}.Debug|x86.ActiveCfg = Debug|x86
		{104F3C2E-9DE7-4C7C-90C1-B393013E2F17}.Debug|x86.Build.0 = Debug|x86
		{104F3C2E-9DE7-4C7C-90C1-B393013E2F17}.Debug|x86.Deploy.0 = Debug|x86
		{104F3C2E-9DE7-4C7C-90C1-B393013E2F17}.Release|Any CPU.ActiveCfg = Release|Any CPU
		{104F3C2E-9DE7-4C7C-90C1-B393013E2F17}.Release|Any CPU.Build.0 = Release|Any CPU
		{104F3C2E-9DE7-4C7C-90C1-B393013E2F17}.Release|Any CPU.Deploy.0 = Release|Any CPU
		{104F3C2E-9DE7-4C7C-90C1-B393013E2F17}.Release|ARM.ActiveCfg = Release|ARM
		{104F3C2E-9DE7-4C7C-90C1-B393013E2F17}.Release|ARM.Build.0 = Release|ARM
		{104F3C2E-9DE7-4C7C-90C1-B393013E2F17}.Release|ARM.Deploy.0 = Release|ARM
		{104F3C2E-9DE7-4C7C-90C1-B393013E2F17}.Release|iPhone.ActiveCfg = Release|Any CPU
		{104F3C2E-9DE7-4C7C-90C1-B393013E2F17}.Release|iPhoneSimulator.ActiveCfg = Release|Any CPU
		{104F3C2E-9DE7-4C7C-90C1-B393013E2F17}.Release|Mixed Platforms.ActiveCfg = Release|x86
		{104F3C2E-9DE7-4C7C-90C1-B393013E2F17}.Release|Mixed Platforms.Build.0 = Release|x86
		{104F3C2E-9DE7-4C7C-90C1-B393013E2F17}.Release|Mixed Platforms.Deploy.0 = Release|x86
		{104F3C2E-9DE7-4C7C-90C1-B393013E2F17}.Release|x64.ActiveCfg = Release|Any CPU
		{104F3C2E-9DE7-4C7C-90C1-B393013E2F17}.Release|x86.ActiveCfg = Release|x86
		{104F3C2E-9DE7-4C7C-90C1-B393013E2F17}.Release|x86.Build.0 = Release|x86
		{104F3C2E-9DE7-4C7C-90C1-B393013E2F17}.Release|x86.Deploy.0 = Release|x86
		{3F358953-AAA2-4A95-837B-E92F7C6CC7CE}.Ad-Hoc|Any CPU.ActiveCfg = Release|Any CPU
		{3F358953-AAA2-4A95-837B-E92F7C6CC7CE}.Ad-Hoc|Any CPU.Build.0 = Release|Any CPU
		{3F358953-AAA2-4A95-837B-E92F7C6CC7CE}.Ad-Hoc|ARM.ActiveCfg = Release|Any CPU
		{3F358953-AAA2-4A95-837B-E92F7C6CC7CE}.Ad-Hoc|iPhone.ActiveCfg = Release|Any CPU
		{3F358953-AAA2-4A95-837B-E92F7C6CC7CE}.Ad-Hoc|iPhoneSimulator.ActiveCfg = Release|Any CPU
		{3F358953-AAA2-4A95-837B-E92F7C6CC7CE}.Ad-Hoc|Mixed Platforms.ActiveCfg = Release|Any CPU
		{3F358953-AAA2-4A95-837B-E92F7C6CC7CE}.Ad-Hoc|Mixed Platforms.Build.0 = Release|Any CPU
		{3F358953-AAA2-4A95-837B-E92F7C6CC7CE}.Ad-Hoc|x64.ActiveCfg = Release|Any CPU
		{3F358953-AAA2-4A95-837B-E92F7C6CC7CE}.Ad-Hoc|x86.ActiveCfg = Release|Any CPU
		{3F358953-AAA2-4A95-837B-E92F7C6CC7CE}.AppStore|Any CPU.ActiveCfg = Release|Any CPU
		{3F358953-AAA2-4A95-837B-E92F7C6CC7CE}.AppStore|Any CPU.Build.0 = Release|Any CPU
		{3F358953-AAA2-4A95-837B-E92F7C6CC7CE}.AppStore|ARM.ActiveCfg = Release|Any CPU
		{3F358953-AAA2-4A95-837B-E92F7C6CC7CE}.AppStore|iPhone.ActiveCfg = Release|Any CPU
		{3F358953-AAA2-4A95-837B-E92F7C6CC7CE}.AppStore|iPhoneSimulator.ActiveCfg = Release|Any CPU
		{3F358953-AAA2-4A95-837B-E92F7C6CC7CE}.AppStore|Mixed Platforms.ActiveCfg = Release|Any CPU
		{3F358953-AAA2-4A95-837B-E92F7C6CC7CE}.AppStore|Mixed Platforms.Build.0 = Release|Any CPU
		{3F358953-AAA2-4A95-837B-E92F7C6CC7CE}.AppStore|x64.ActiveCfg = Release|Any CPU
		{3F358953-AAA2-4A95-837B-E92F7C6CC7CE}.AppStore|x86.ActiveCfg = Release|Any CPU
		{3F358953-AAA2-4A95-837B-E92F7C6CC7CE}.Debug|Any CPU.ActiveCfg = Debug|Any CPU
		{3F358953-AAA2-4A95-837B-E92F7C6CC7CE}.Debug|Any CPU.Build.0 = Debug|Any CPU
		{3F358953-AAA2-4A95-837B-E92F7C6CC7CE}.Debug|ARM.ActiveCfg = Debug|Any CPU
		{3F358953-AAA2-4A95-837B-E92F7C6CC7CE}.Debug|iPhone.ActiveCfg = Debug|Any CPU
		{3F358953-AAA2-4A95-837B-E92F7C6CC7CE}.Debug|iPhoneSimulator.ActiveCfg = Debug|Any CPU
		{3F358953-AAA2-4A95-837B-E92F7C6CC7CE}.Debug|Mixed Platforms.ActiveCfg = Debug|Any CPU
		{3F358953-AAA2-4A95-837B-E92F7C6CC7CE}.Debug|Mixed Platforms.Build.0 = Debug|Any CPU
		{3F358953-AAA2-4A95-837B-E92F7C6CC7CE}.Debug|x64.ActiveCfg = Debug|Any CPU
		{3F358953-AAA2-4A95-837B-E92F7C6CC7CE}.Debug|x86.ActiveCfg = Debug|Any CPU
		{3F358953-AAA2-4A95-837B-E92F7C6CC7CE}.Release|Any CPU.ActiveCfg = Release|Any CPU
		{3F358953-AAA2-4A95-837B-E92F7C6CC7CE}.Release|Any CPU.Build.0 = Release|Any CPU
		{3F358953-AAA2-4A95-837B-E92F7C6CC7CE}.Release|ARM.ActiveCfg = Release|Any CPU
		{3F358953-AAA2-4A95-837B-E92F7C6CC7CE}.Release|iPhone.ActiveCfg = Release|Any CPU
		{3F358953-AAA2-4A95-837B-E92F7C6CC7CE}.Release|iPhoneSimulator.ActiveCfg = Release|Any CPU
		{3F358953-AAA2-4A95-837B-E92F7C6CC7CE}.Release|Mixed Platforms.ActiveCfg = Release|Any CPU
		{3F358953-AAA2-4A95-837B-E92F7C6CC7CE}.Release|Mixed Platforms.Build.0 = Release|Any CPU
		{3F358953-AAA2-4A95-837B-E92F7C6CC7CE}.Release|x64.ActiveCfg = Release|Any CPU
		{3F358953-AAA2-4A95-837B-E92F7C6CC7CE}.Release|x86.ActiveCfg = Release|Any CPU
	EndGlobalSection
	GlobalSection(SolutionProperties) = preSolution
		HideSolutionNode = FALSE
	EndGlobalSection
	GlobalSection(NestedProjects) = preSolution
		{49420D77-2854-4AB9-8AF6-210B5B4830CE} = {75E971E0-0AD3-4356-9787-5CED26460EAA}
		{1B8FAFD8-DDCE-4806-B61A-AAF826FFFED9} = {75E971E0-0AD3-4356-9787-5CED26460EAA}
		{104F3C2E-9DE7-4C7C-90C1-B393013E2F17} = {75E971E0-0AD3-4356-9787-5CED26460EAA}
	EndGlobalSection
EndGlobal
