
Microsoft Visual Studio Solution File, Format Version 12.00
# Visual Studio 14
VisualStudioVersion = 14.0.25420.1
MinimumVisualStudioVersion = 10.0.40219.1
Project("{FAE04EC0-301F-11D3-BF4B-00C04F79EFBC}") = "BenchmarkDotNet.Gc.x86", "BenchmarkDotNet.Gc.x86\BenchmarkDotNet.Gc.x86.csproj", "{4A86524E-655F-4009-A093-AC1894EC6486}"
EndProject
Project("{FAE04EC0-301F-11D3-BF4B-00C04F79EFBC}") = "BenchmarkDotNet.Gc.x64", "BenchmarkDotNet.Gc.x64\BenchmarkDotNet.Gc.x64.csproj", "{ED4230EA-94D4-47A8-9295-D52338857ACE}"
EndProject
Global
	GlobalSection(SolutionConfigurationPlatforms) = preSolution
		Debug|Any CPU = Debug|Any CPU
		Release|Any CPU = Release|Any CPU
	EndGlobalSection
	GlobalSection(ProjectConfigurationPlatforms) = postSolution
		{4A86524E-655F-4009-A093-AC1894EC6486}.Debug|Any CPU.ActiveCfg = Debug|Any CPU
		{4A86524E-655F-4009-A093-AC1894EC6486}.Debug|Any CPU.Build.0 = Debug|Any CPU
		{4A86524E-655F-4009-A093-AC1894EC6486}.Release|Any CPU.ActiveCfg = Release|Any CPU
		{4A86524E-655F-4009-A093-AC1894EC6486}.Release|Any CPU.Build.0 = Release|Any CPU
		{ED4230EA-94D4-47A8-9295-D52338857ACE}.Debug|Any CPU.ActiveCfg = Debug|Any CPU
		{ED4230EA-94D4-47A8-9295-D52338857ACE}.Debug|Any CPU.Build.0 = Debug|Any CPU
		{ED4230EA-94D4-47A8-9295-D52338857ACE}.Release|Any CPU.ActiveCfg = Release|Any CPU
		{ED4230EA-94D4-47A8-9295-D52338857ACE}.Release|Any CPU.Build.0 = Release|Any CPU
	EndGlobalSection
	GlobalSection(SolutionProperties) = preSolution
		HideSolutionNode = FALSE
	EndGlobalSection
EndGlobal
