
Microsoft Visual Studio Solution File, Format Version 12.00
# Visual Studio 14
VisualStudioVersion = 14.0.25420.1
MinimumVisualStudioVersion = 10.0.40219.1
Project("{FAE04EC0-301F-11D3-BF4B-00C04F79EFBC}") = "PostSharp.AspectOrdering2", "PostSharp.AspectOrdering2\PostSharp.AspectOrdering2.csproj", "{44F01404-D89D-46D4-903B-8FAD15E6DC35}"
EndProject
Project("{2150E333-8FDC-42A3-9474-1A3956D46DE8}") = "Solution Items", "Solution Items", "{5E977C19-E889-41D1-BBD7-1F15B19CC404}"
	ProjectSection(SolutionItems) = preProject
		PostSharp.AspectOrdering2.pssln = PostSharp.AspectOrdering2.pssln
	EndProjectSection
EndProject
Global
	GlobalSection(SolutionConfigurationPlatforms) = preSolution
		Debug|Any CPU = Debug|Any CPU
		Release|Any CPU = Release|Any CPU
	EndGlobalSection
	GlobalSection(ProjectConfigurationPlatforms) = postSolution
		{44F01404-D89D-46D4-903B-8FAD15E6DC35}.Debug|Any CPU.ActiveCfg = Debug|Any CPU
		{44F01404-D89D-46D4-903B-8FAD15E6DC35}.Debug|Any CPU.Build.0 = Debug|Any CPU
		{44F01404-D89D-46D4-903B-8FAD15E6DC35}.Release|Any CPU.ActiveCfg = Release|Any CPU
		{44F01404-D89D-46D4-903B-8FAD15E6DC35}.Release|Any CPU.Build.0 = Release|Any CPU
	EndGlobalSection
	GlobalSection(SolutionProperties) = preSolution
		HideSolutionNode = FALSE
	EndGlobalSection
EndGlobal
