
Microsoft Visual Studio Solution File, Format Version 12.00
# Visual Studio 14
VisualStudioVersion = 14.0.25420.1
MinimumVisualStudioVersion = 10.0.40219.1
Project("{FAE04EC0-301F-11D3-BF4B-00C04F79EFBC}") = "ClassLibrary1", "ClassLibrary1\ClassLibrary1.csproj", "{DD18E34F-DEFB-4826-892C-1B7A07B8AB74}"
EndProject
Project("{FAE04EC0-301F-11D3-BF4B-00C04F79EFBC}") = "ClassLibrary3", "ClassLibrary3\ClassLibrary3.csproj", "{5F7674DF-5E11-4E41-8A97-94B91B872D7D}"
EndProject
Global
	GlobalSection(SolutionConfigurationPlatforms) = preSolution
		Debug|Any CPU = Debug|Any CPU
		Release|Any CPU = Release|Any CPU
	EndGlobalSection
	GlobalSection(ProjectConfigurationPlatforms) = postSolution
		{DD18E34F-DEFB-4826-892C-1B7A07B8AB74}.Debug|Any CPU.ActiveCfg = Debug|Any CPU
		{DD18E34F-DEFB-4826-892C-1B7A07B8AB74}.Debug|Any CPU.Build.0 = Debug|Any CPU
		{DD18E34F-DEFB-4826-892C-1B7A07B8AB74}.Release|Any CPU.ActiveCfg = Release|Any CPU
		{DD18E34F-DEFB-4826-892C-1B7A07B8AB74}.Release|Any CPU.Build.0 = Release|Any CPU
		{5F7674DF-5E11-4E41-8A97-94B91B872D7D}.Debug|Any CPU.ActiveCfg = Debug|Any CPU
		{5F7674DF-5E11-4E41-8A97-94B91B872D7D}.Debug|Any CPU.Build.0 = Debug|Any CPU
		{5F7674DF-5E11-4E41-8A97-94B91B872D7D}.Release|Any CPU.ActiveCfg = Release|Any CPU
		{5F7674DF-5E11-4E41-8A97-94B91B872D7D}.Release|Any CPU.Build.0 = Release|Any CPU
	EndGlobalSection
	GlobalSection(SolutionProperties) = preSolution
		HideSolutionNode = FALSE
	EndGlobalSection
EndGlobal
