
Microsoft Visual Studio Solution File, Format Version 12.00
# Visual Studio Version 16
VisualStudioVersion = 16.0.31507.150
MinimumVisualStudioVersion = 10.0.40219.1
Project("{FAE04EC0-301F-11D3-BF4B-00C04F79EFBC}") = "Hyperlinq.Memory", "Hyperlinq.Memory\Hyperlinq.Memory.csproj", "{E3DC3A57-2E4E-421C-BCE7-CCF6700D5C41}"
EndProject
Global
	GlobalSection(SolutionConfigurationPlatforms) = preSolution
		Debug|Any CPU = Debug|Any CPU
		Release|Any CPU = Release|Any CPU
	EndGlobalSection
	GlobalSection(ProjectConfigurationPlatforms) = postSolution
		{E3DC3A57-2E4E-421C-BCE7-CCF6700D5C41}.Debug|Any CPU.ActiveCfg = Debug|Any CPU
		{E3DC3A57-2E4E-421C-BCE7-CCF6700D5C41}.Debug|Any CPU.Build.0 = Debug|Any CPU
		{E3DC3A57-2E4E-421C-BCE7-CCF6700D5C41}.Release|Any CPU.ActiveCfg = Release|Any CPU
		{E3DC3A57-2E4E-421C-BCE7-CCF6700D5C41}.Release|Any CPU.Build.0 = Release|Any CPU
	EndGlobalSection
	GlobalSection(SolutionProperties) = preSolution
		HideSolutionNode = FALSE
	EndGlobalSection
	GlobalSection(ExtensibilityGlobals) = postSolution
		SolutionGuid = {1423F75E-DBCB-4E9A-8E7B-B98D07E656AE}
	EndGlobalSection
EndGlobal
