
Microsoft Visual Studio Solution File, Format Version 12.00
# Visual Studio 2013
VisualStudioVersion = 12.0.31101.0
MinimumVisualStudioVersion = 10.0.40219.1
Project("{FAE04EC0-301F-11D3-BF4B-00C04F79EFBC}") = "App2", "App2\App2\App2.csproj", "{4514050E-1C17-47A7-8E8C-AEF2CC05A0B1}"
EndProject
Project("{FAE04EC0-301F-11D3-BF4B-00C04F79EFBC}") = "App2.iOS", "App2\App2.iOS\App2.iOS.csproj", "{85D5E894-0BCB-49A8-AC0D-BA4FAA470B3B}"
EndProject
Project("{FAE04EC0-301F-11D3-BF4B-00C04F79EFBC}") = "App2.Droid", "App2\App2.Droid\App2.Droid.csproj", "{45E86AED-B4DE-4890-BDFA-C470AC06B4C3}"
EndProject
Project("{FAE04EC0-301F-11D3-BF4B-00C04F79EFBC}") = "App2.WinPhone", "App2\App2.WinPhone\App2.WinPhone.csproj", "{12BE9D78-913C-4AAC-BA71-2CEED81C1F3E}"
EndProject
Project("{FAE04EC0-301F-11D3-BF4B-00C04F79EFBC}") = "WpfApplication1", "WpfApplication1\WpfApplication1.csproj", "{742A6180-93B1-4651-AE25-7663B3BCE48A}"
EndProject
Global
	GlobalSection(SolutionConfigurationPlatforms) = preSolution
		Ad-Hoc|Any CPU = Ad-Hoc|Any CPU
		Ad-Hoc|ARM = Ad-Hoc|ARM
		Ad-Hoc|iPhone = Ad-Hoc|iPhone
		Ad-Hoc|iPhoneSimulator = Ad-Hoc|iPhoneSimulator
		Ad-Hoc|Mixed Platforms = Ad-Hoc|Mixed Platforms
		Ad-Hoc|x86 = Ad-Hoc|x86
		AppStore|Any CPU = AppStore|Any CPU
		AppStore|ARM = AppStore|ARM
		AppStore|iPhone = AppStore|iPhone
		AppStore|iPhoneSimulator = AppStore|iPhoneSimulator
		AppStore|Mixed Platforms = AppStore|Mixed Platforms
		AppStore|x86 = AppStore|x86
		Debug|Any CPU = Debug|Any CPU
		Debug|ARM = Debug|ARM
		Debug|iPhone = Debug|iPhone
		Debug|iPhoneSimulator = Debug|iPhoneSimulator
		Debug|Mixed Platforms = Debug|Mixed Platforms
		Debug|x86 = Debug|x86
		Release|Any CPU = Release|Any CPU
		Release|ARM = Release|ARM
		Release|iPhone = Release|iPhone
		Release|iPhoneSimulator = Release|iPhoneSimulator
		Release|Mixed Platforms = Release|Mixed Platforms
		Release|x86 = Release|x86
	EndGlobalSection
	GlobalSection(ProjectConfigurationPlatforms) = postSolution
		{4514050E-1C17-47A7-8E8C-AEF2CC05A0B1}.Ad-Hoc|Any CPU.ActiveCfg = Release|Any CPU
		{4514050E-1C17-47A7-8E8C-AEF2CC05A0B1}.Ad-Hoc|Any CPU.Build.0 = Release|Any CPU
		{4514050E-1C17-47A7-8E8C-AEF2CC05A0B1}.Ad-Hoc|ARM.ActiveCfg = Release|Any CPU
		{4514050E-1C17-47A7-8E8C-AEF2CC05A0B1}.Ad-Hoc|iPhone.ActiveCfg = Release|Any CPU
		{4514050E-1C17-47A7-8E8C-AEF2CC05A0B1}.Ad-Hoc|iPhoneSimulator.ActiveCfg = Release|Any CPU
		{4514050E-1C17-47A7-8E8C-AEF2CC05A0B1}.Ad-Hoc|Mixed Platforms.ActiveCfg = Release|Any CPU
		{4514050E-1C17-47A7-8E8C-AEF2CC05A0B1}.Ad-Hoc|Mixed Platforms.Build.0 = Release|Any CPU
		{4514050E-1C17-47A7-8E8C-AEF2CC05A0B1}.Ad-Hoc|x86.ActiveCfg = Release|Any CPU
		{4514050E-1C17-47A7-8E8C-AEF2CC05A0B1}.AppStore|Any CPU.ActiveCfg = Release|Any CPU
		{4514050E-1C17-47A7-8E8C-AEF2CC05A0B1}.AppStore|Any CPU.Build.0 = Release|Any CPU
		{4514050E-1C17-47A7-8E8C-AEF2CC05A0B1}.AppStore|ARM.ActiveCfg = Release|Any CPU
		{4514050E-1C17-47A7-8E8C-AEF2CC05A0B1}.AppStore|iPhone.ActiveCfg = Release|Any CPU
		{4514050E-1C17-47A7-8E8C-AEF2CC05A0B1}.AppStore|iPhoneSimulator.ActiveCfg = Release|Any CPU
		{4514050E-1C17-47A7-8E8C-AEF2CC05A0B1}.AppStore|Mixed Platforms.ActiveCfg = Release|Any CPU
		{4514050E-1C17-47A7-8E8C-AEF2CC05A0B1}.AppStore|Mixed Platforms.Build.0 = Release|Any CPU
		{4514050E-1C17-47A7-8E8C-AEF2CC05A0B1}.AppStore|x86.ActiveCfg = Release|Any CPU
		{4514050E-1C17-47A7-8E8C-AEF2CC05A0B1}.Debug|Any CPU.ActiveCfg = Debug|Any CPU
		{4514050E-1C17-47A7-8E8C-AEF2CC05A0B1}.Debug|Any CPU.Build.0 = Debug|Any CPU
		{4514050E-1C17-47A7-8E8C-AEF2CC05A0B1}.Debug|ARM.ActiveCfg = Debug|Any CPU
		{4514050E-1C17-47A7-8E8C-AEF2CC05A0B1}.Debug|iPhone.ActiveCfg = Debug|Any CPU
		{4514050E-1C17-47A7-8E8C-AEF2CC05A0B1}.Debug|iPhoneSimulator.ActiveCfg = Debug|Any CPU
		{4514050E-1C17-47A7-8E8C-AEF2CC05A0B1}.Debug|Mixed Platforms.ActiveCfg = Debug|Any CPU
		{4514050E-1C17-47A7-8E8C-AEF2CC05A0B1}.Debug|Mixed Platforms.Build.0 = Debug|Any CPU
		{4514050E-1C17-47A7-8E8C-AEF2CC05A0B1}.Debug|x86.ActiveCfg = Debug|Any CPU
		{4514050E-1C17-47A7-8E8C-AEF2CC05A0B1}.Release|Any CPU.ActiveCfg = Release|Any CPU
		{4514050E-1C17-47A7-8E8C-AEF2CC05A0B1}.Release|Any CPU.Build.0 = Release|Any CPU
		{4514050E-1C17-47A7-8E8C-AEF2CC05A0B1}.Release|ARM.ActiveCfg = Release|Any CPU
		{4514050E-1C17-47A7-8E8C-AEF2CC05A0B1}.Release|iPhone.ActiveCfg = Release|Any CPU
		{4514050E-1C17-47A7-8E8C-AEF2CC05A0B1}.Release|iPhoneSimulator.ActiveCfg = Release|Any CPU
		{4514050E-1C17-47A7-8E8C-AEF2CC05A0B1}.Release|Mixed Platforms.ActiveCfg = Release|Any CPU
		{4514050E-1C17-47A7-8E8C-AEF2CC05A0B1}.Release|Mixed Platforms.Build.0 = Release|Any CPU
		{4514050E-1C17-47A7-8E8C-AEF2CC05A0B1}.Release|x86.ActiveCfg = Release|Any CPU
		{85D5E894-0BCB-49A8-AC0D-BA4FAA470B3B}.Ad-Hoc|Any CPU.ActiveCfg = Ad-Hoc|iPhone
		{85D5E894-0BCB-49A8-AC0D-BA4FAA470B3B}.Ad-Hoc|ARM.ActiveCfg = Ad-Hoc|iPhone
		{85D5E894-0BCB-49A8-AC0D-BA4FAA470B3B}.Ad-Hoc|iPhone.ActiveCfg = Ad-Hoc|iPhone
		{85D5E894-0BCB-49A8-AC0D-BA4FAA470B3B}.Ad-Hoc|iPhone.Build.0 = Ad-Hoc|iPhone
		{85D5E894-0BCB-49A8-AC0D-BA4FAA470B3B}.Ad-Hoc|iPhoneSimulator.ActiveCfg = Ad-Hoc|iPhoneSimulator
		{85D5E894-0BCB-49A8-AC0D-BA4FAA470B3B}.Ad-Hoc|iPhoneSimulator.Build.0 = Ad-Hoc|iPhoneSimulator
		{85D5E894-0BCB-49A8-AC0D-BA4FAA470B3B}.Ad-Hoc|Mixed Platforms.ActiveCfg = Ad-Hoc|iPhone
		{85D5E894-0BCB-49A8-AC0D-BA4FAA470B3B}.Ad-Hoc|Mixed Platforms.Build.0 = Ad-Hoc|iPhone
		{85D5E894-0BCB-49A8-AC0D-BA4FAA470B3B}.Ad-Hoc|x86.ActiveCfg = Ad-Hoc|iPhone
		{85D5E894-0BCB-49A8-AC0D-BA4FAA470B3B}.AppStore|Any CPU.ActiveCfg = AppStore|iPhone
		{85D5E894-0BCB-49A8-AC0D-BA4FAA470B3B}.AppStore|ARM.ActiveCfg = AppStore|iPhone
		{85D5E894-0BCB-49A8-AC0D-BA4FAA470B3B}.AppStore|iPhone.ActiveCfg = AppStore|iPhone
		{85D5E894-0BCB-49A8-AC0D-BA4FAA470B3B}.AppStore|iPhone.Build.0 = AppStore|iPhone
		{85D5E894-0BCB-49A8-AC0D-BA4FAA470B3B}.AppStore|iPhoneSimulator.ActiveCfg = AppStore|iPhoneSimulator
		{85D5E894-0BCB-49A8-AC0D-BA4FAA470B3B}.AppStore|iPhoneSimulator.Build.0 = AppStore|iPhoneSimulator
		{85D5E894-0BCB-49A8-AC0D-BA4FAA470B3B}.AppStore|Mixed Platforms.ActiveCfg = AppStore|iPhone
		{85D5E894-0BCB-49A8-AC0D-BA4FAA470B3B}.AppStore|Mixed Platforms.Build.0 = AppStore|iPhone
		{85D5E894-0BCB-49A8-AC0D-BA4FAA470B3B}.AppStore|x86.ActiveCfg = AppStore|iPhone
		{85D5E894-0BCB-49A8-AC0D-BA4FAA470B3B}.Debug|Any CPU.ActiveCfg = Debug|iPhone
		{85D5E894-0BCB-49A8-AC0D-BA4FAA470B3B}.Debug|ARM.ActiveCfg = Debug|iPhone
		{85D5E894-0BCB-49A8-AC0D-BA4FAA470B3B}.Debug|iPhone.ActiveCfg = Debug|iPhone
		{85D5E894-0BCB-49A8-AC0D-BA4FAA470B3B}.Debug|iPhone.Build.0 = Debug|iPhone
		{85D5E894-0BCB-49A8-AC0D-BA4FAA470B3B}.Debug|iPhoneSimulator.ActiveCfg = Debug|iPhoneSimulator
		{85D5E894-0BCB-49A8-AC0D-BA4FAA470B3B}.Debug|iPhoneSimulator.Build.0 = Debug|iPhoneSimulator
		{85D5E894-0BCB-49A8-AC0D-BA4FAA470B3B}.Debug|Mixed Platforms.ActiveCfg = Debug|iPhone
		{85D5E894-0BCB-49A8-AC0D-BA4FAA470B3B}.Debug|Mixed Platforms.Build.0 = Debug|iPhone
		{85D5E894-0BCB-49A8-AC0D-BA4FAA470B3B}.Debug|x86.ActiveCfg = Debug|iPhone
		{85D5E894-0BCB-49A8-AC0D-BA4FAA470B3B}.Release|Any CPU.ActiveCfg = Release|iPhone
		{85D5E894-0BCB-49A8-AC0D-BA4FAA470B3B}.Release|ARM.ActiveCfg = Release|iPhone
		{85D5E894-0BCB-49A8-AC0D-BA4FAA470B3B}.Release|iPhone.ActiveCfg = Release|iPhone
		{85D5E894-0BCB-49A8-AC0D-BA4FAA470B3B}.Release|iPhone.Build.0 = Release|iPhone
		{85D5E894-0BCB-49A8-AC0D-BA4FAA470B3B}.Release|iPhoneSimulator.ActiveCfg = Release|iPhoneSimulator
		{85D5E894-0BCB-49A8-AC0D-BA4FAA470B3B}.Release|iPhoneSimulator.Build.0 = Release|iPhoneSimulator
		{85D5E894-0BCB-49A8-AC0D-BA4FAA470B3B}.Release|Mixed Platforms.ActiveCfg = Release|iPhone
		{85D5E894-0BCB-49A8-AC0D-BA4FAA470B3B}.Release|Mixed Platforms.Build.0 = Release|iPhone
		{85D5E894-0BCB-49A8-AC0D-BA4FAA470B3B}.Release|x86.ActiveCfg = Release|iPhone
		{45E86AED-B4DE-4890-BDFA-C470AC06B4C3}.Ad-Hoc|Any CPU.ActiveCfg = Release|Any CPU
		{45E86AED-B4DE-4890-BDFA-C470AC06B4C3}.Ad-Hoc|Any CPU.Build.0 = Release|Any CPU
		{45E86AED-B4DE-4890-BDFA-C470AC06B4C3}.Ad-Hoc|Any CPU.Deploy.0 = Release|Any CPU
		{45E86AED-B4DE-4890-BDFA-C470AC06B4C3}.Ad-Hoc|ARM.ActiveCfg = Release|Any CPU
		{45E86AED-B4DE-4890-BDFA-C470AC06B4C3}.Ad-Hoc|iPhone.ActiveCfg = Release|Any CPU
		{45E86AED-B4DE-4890-BDFA-C470AC06B4C3}.Ad-Hoc|iPhoneSimulator.ActiveCfg = Release|Any CPU
		{45E86AED-B4DE-4890-BDFA-C470AC06B4C3}.Ad-Hoc|Mixed Platforms.ActiveCfg = Release|Any CPU
		{45E86AED-B4DE-4890-BDFA-C470AC06B4C3}.Ad-Hoc|Mixed Platforms.Build.0 = Release|Any CPU
		{45E86AED-B4DE-4890-BDFA-C470AC06B4C3}.Ad-Hoc|Mixed Platforms.Deploy.0 = Release|Any CPU
		{45E86AED-B4DE-4890-BDFA-C470AC06B4C3}.Ad-Hoc|x86.ActiveCfg = Release|Any CPU
		{45E86AED-B4DE-4890-BDFA-C470AC06B4C3}.AppStore|Any CPU.ActiveCfg = Release|Any CPU
		{45E86AED-B4DE-4890-BDFA-C470AC06B4C3}.AppStore|Any CPU.Build.0 = Release|Any CPU
		{45E86AED-B4DE-4890-BDFA-C470AC06B4C3}.AppStore|Any CPU.Deploy.0 = Release|Any CPU
		{45E86AED-B4DE-4890-BDFA-C470AC06B4C3}.AppStore|ARM.ActiveCfg = Release|Any CPU
		{45E86AED-B4DE-4890-BDFA-C470AC06B4C3}.AppStore|iPhone.ActiveCfg = Release|Any CPU
		{45E86AED-B4DE-4890-BDFA-C470AC06B4C3}.AppStore|iPhoneSimulator.ActiveCfg = Release|Any CPU
		{45E86AED-B4DE-4890-BDFA-C470AC06B4C3}.AppStore|Mixed Platforms.ActiveCfg = Release|Any CPU
		{45E86AED-B4DE-4890-BDFA-C470AC06B4C3}.AppStore|Mixed Platforms.Build.0 = Release|Any CPU
		{45E86AED-B4DE-4890-BDFA-C470AC06B4C3}.AppStore|Mixed Platforms.Deploy.0 = Release|Any CPU
		{45E86AED-B4DE-4890-BDFA-C470AC06B4C3}.AppStore|x86.ActiveCfg = Release|Any CPU
		{45E86AED-B4DE-4890-BDFA-C470AC06B4C3}.Debug|Any CPU.ActiveCfg = Debug|Any CPU
		{45E86AED-B4DE-4890-BDFA-C470AC06B4C3}.Debug|Any CPU.Build.0 = Debug|Any CPU
		{45E86AED-B4DE-4890-BDFA-C470AC06B4C3}.Debug|Any CPU.Deploy.0 = Debug|Any CPU
		{45E86AED-B4DE-4890-BDFA-C470AC06B4C3}.Debug|ARM.ActiveCfg = Debug|Any CPU
		{45E86AED-B4DE-4890-BDFA-C470AC06B4C3}.Debug|iPhone.ActiveCfg = Debug|Any CPU
		{45E86AED-B4DE-4890-BDFA-C470AC06B4C3}.Debug|iPhoneSimulator.ActiveCfg = Debug|Any CPU
		{45E86AED-B4DE-4890-BDFA-C470AC06B4C3}.Debug|Mixed Platforms.ActiveCfg = Debug|Any CPU
		{45E86AED-B4DE-4890-BDFA-C470AC06B4C3}.Debug|Mixed Platforms.Build.0 = Debug|Any CPU
		{45E86AED-B4DE-4890-BDFA-C470AC06B4C3}.Debug|Mixed Platforms.Deploy.0 = Debug|Any CPU
		{45E86AED-B4DE-4890-BDFA-C470AC06B4C3}.Debug|x86.ActiveCfg = Debug|Any CPU
		{45E86AED-B4DE-4890-BDFA-C470AC06B4C3}.Release|Any CPU.ActiveCfg = Release|Any CPU
		{45E86AED-B4DE-4890-BDFA-C470AC06B4C3}.Release|Any CPU.Build.0 = Release|Any CPU
		{45E86AED-B4DE-4890-BDFA-C470AC06B4C3}.Release|Any CPU.Deploy.0 = Release|Any CPU
		{45E86AED-B4DE-4890-BDFA-C470AC06B4C3}.Release|ARM.ActiveCfg = Release|Any CPU
		{45E86AED-B4DE-4890-BDFA-C470AC06B4C3}.Release|iPhone.ActiveCfg = Release|Any CPU
		{45E86AED-B4DE-4890-BDFA-C470AC06B4C3}.Release|iPhoneSimulator.ActiveCfg = Release|Any CPU
		{45E86AED-B4DE-4890-BDFA-C470AC06B4C3}.Release|Mixed Platforms.ActiveCfg = Release|Any CPU
		{45E86AED-B4DE-4890-BDFA-C470AC06B4C3}.Release|Mixed Platforms.Build.0 = Release|Any CPU
		{45E86AED-B4DE-4890-BDFA-C470AC06B4C3}.Release|Mixed Platforms.Deploy.0 = Release|Any CPU
		{45E86AED-B4DE-4890-BDFA-C470AC06B4C3}.Release|x86.ActiveCfg = Release|Any CPU
		{12BE9D78-913C-4AAC-BA71-2CEED81C1F3E}.Ad-Hoc|Any CPU.ActiveCfg = Release|Any CPU
		{12BE9D78-913C-4AAC-BA71-2CEED81C1F3E}.Ad-Hoc|Any CPU.Build.0 = Release|Any CPU
		{12BE9D78-913C-4AAC-BA71-2CEED81C1F3E}.Ad-Hoc|Any CPU.Deploy.0 = Release|Any CPU
		{12BE9D78-913C-4AAC-BA71-2CEED81C1F3E}.Ad-Hoc|ARM.ActiveCfg = Release|ARM
		{12BE9D78-913C-4AAC-BA71-2CEED81C1F3E}.Ad-Hoc|ARM.Build.0 = Release|ARM
		{12BE9D78-913C-4AAC-BA71-2CEED81C1F3E}.Ad-Hoc|ARM.Deploy.0 = Release|ARM
		{12BE9D78-913C-4AAC-BA71-2CEED81C1F3E}.Ad-Hoc|iPhone.ActiveCfg = Release|Any CPU
		{12BE9D78-913C-4AAC-BA71-2CEED81C1F3E}.Ad-Hoc|iPhoneSimulator.ActiveCfg = Release|Any CPU
		{12BE9D78-913C-4AAC-BA71-2CEED81C1F3E}.Ad-Hoc|Mixed Platforms.ActiveCfg = Release|x86
		{12BE9D78-913C-4AAC-BA71-2CEED81C1F3E}.Ad-Hoc|Mixed Platforms.Build.0 = Release|x86
		{12BE9D78-913C-4AAC-BA71-2CEED81C1F3E}.Ad-Hoc|Mixed Platforms.Deploy.0 = Release|x86
		{12BE9D78-913C-4AAC-BA71-2CEED81C1F3E}.Ad-Hoc|x86.ActiveCfg = Release|x86
		{12BE9D78-913C-4AAC-BA71-2CEED81C1F3E}.Ad-Hoc|x86.Build.0 = Release|x86
		{12BE9D78-913C-4AAC-BA71-2CEED81C1F3E}.Ad-Hoc|x86.Deploy.0 = Release|x86
		{12BE9D78-913C-4AAC-BA71-2CEED81C1F3E}.AppStore|Any CPU.ActiveCfg = Release|Any CPU
		{12BE9D78-913C-4AAC-BA71-2CEED81C1F3E}.AppStore|Any CPU.Build.0 = Release|Any CPU
		{12BE9D78-913C-4AAC-BA71-2CEED81C1F3E}.AppStore|Any CPU.Deploy.0 = Release|Any CPU
		{12BE9D78-913C-4AAC-BA71-2CEED81C1F3E}.AppStore|ARM.ActiveCfg = Release|ARM
		{12BE9D78-913C-4AAC-BA71-2CEED81C1F3E}.AppStore|ARM.Build.0 = Release|ARM
		{12BE9D78-913C-4AAC-BA71-2CEED81C1F3E}.AppStore|ARM.Deploy.0 = Release|ARM
		{12BE9D78-913C-4AAC-BA71-2CEED81C1F3E}.AppStore|iPhone.ActiveCfg = Release|Any CPU
		{12BE9D78-913C-4AAC-BA71-2CEED81C1F3E}.AppStore|iPhoneSimulator.ActiveCfg = Release|Any CPU
		{12BE9D78-913C-4AAC-BA71-2CEED81C1F3E}.AppStore|Mixed Platforms.ActiveCfg = Release|x86
		{12BE9D78-913C-4AAC-BA71-2CEED81C1F3E}.AppStore|Mixed Platforms.Build.0 = Release|x86
		{12BE9D78-913C-4AAC-BA71-2CEED81C1F3E}.AppStore|Mixed Platforms.Deploy.0 = Release|x86
		{12BE9D78-913C-4AAC-BA71-2CEED81C1F3E}.AppStore|x86.ActiveCfg = Release|x86
		{12BE9D78-913C-4AAC-BA71-2CEED81C1F3E}.AppStore|x86.Build.0 = Release|x86
		{12BE9D78-913C-4AAC-BA71-2CEED81C1F3E}.AppStore|x86.Deploy.0 = Release|x86
		{12BE9D78-913C-4AAC-BA71-2CEED81C1F3E}.Debug|Any CPU.ActiveCfg = Debug|Any CPU
		{12BE9D78-913C-4AAC-BA71-2CEED81C1F3E}.Debug|Any CPU.Build.0 = Debug|Any CPU
		{12BE9D78-913C-4AAC-BA71-2CEED81C1F3E}.Debug|Any CPU.Deploy.0 = Debug|Any CPU
		{12BE9D78-913C-4AAC-BA71-2CEED81C1F3E}.Debug|ARM.ActiveCfg = Debug|ARM
		{12BE9D78-913C-4AAC-BA71-2CEED81C1F3E}.Debug|ARM.Build.0 = Debug|ARM
		{12BE9D78-913C-4AAC-BA71-2CEED81C1F3E}.Debug|ARM.Deploy.0 = Debug|ARM
		{12BE9D78-913C-4AAC-BA71-2CEED81C1F3E}.Debug|iPhone.ActiveCfg = Debug|Any CPU
		{12BE9D78-913C-4AAC-BA71-2CEED81C1F3E}.Debug|iPhoneSimulator.ActiveCfg = Debug|Any CPU
		{12BE9D78-913C-4AAC-BA71-2CEED81C1F3E}.Debug|Mixed Platforms.ActiveCfg = Debug|x86
		{12BE9D78-913C-4AAC-BA71-2CEED81C1F3E}.Debug|Mixed Platforms.Build.0 = Debug|x86
		{12BE9D78-913C-4AAC-BA71-2CEED81C1F3E}.Debug|Mixed Platforms.Deploy.0 = Debug|x86
		{12BE9D78-913C-4AAC-BA71-2CEED81C1F3E}.Debug|x86.ActiveCfg = Debug|x86
		{12BE9D78-913C-4AAC-BA71-2CEED81C1F3E}.Debug|x86.Build.0 = Debug|x86
		{12BE9D78-913C-4AAC-BA71-2CEED81C1F3E}.Debug|x86.Deploy.0 = Debug|x86
		{12BE9D78-913C-4AAC-BA71-2CEED81C1F3E}.Release|Any CPU.ActiveCfg = Release|Any CPU
		{12BE9D78-913C-4AAC-BA71-2CEED81C1F3E}.Release|Any CPU.Build.0 = Release|Any CPU
		{12BE9D78-913C-4AAC-BA71-2CEED81C1F3E}.Release|Any CPU.Deploy.0 = Release|Any CPU
		{12BE9D78-913C-4AAC-BA71-2CEED81C1F3E}.Release|ARM.ActiveCfg = Release|ARM
		{12BE9D78-913C-4AAC-BA71-2CEED81C1F3E}.Release|ARM.Build.0 = Release|ARM
		{12BE9D78-913C-4AAC-BA71-2CEED81C1F3E}.Release|ARM.Deploy.0 = Release|ARM
		{12BE9D78-913C-4AAC-BA71-2CEED81C1F3E}.Release|iPhone.ActiveCfg = Release|Any CPU
		{12BE9D78-913C-4AAC-BA71-2CEED81C1F3E}.Release|iPhoneSimulator.ActiveCfg = Release|Any CPU
		{12BE9D78-913C-4AAC-BA71-2CEED81C1F3E}.Release|Mixed Platforms.ActiveCfg = Release|x86
		{12BE9D78-913C-4AAC-BA71-2CEED81C1F3E}.Release|Mixed Platforms.Build.0 = Release|x86
		{12BE9D78-913C-4AAC-BA71-2CEED81C1F3E}.Release|Mixed Platforms.Deploy.0 = Release|x86
		{12BE9D78-913C-4AAC-BA71-2CEED81C1F3E}.Release|x86.ActiveCfg = Release|x86
		{12BE9D78-913C-4AAC-BA71-2CEED81C1F3E}.Release|x86.Build.0 = Release|x86
		{12BE9D78-913C-4AAC-BA71-2CEED81C1F3E}.Release|x86.Deploy.0 = Release|x86
		{742A6180-93B1-4651-AE25-7663B3BCE48A}.Ad-Hoc|Any CPU.ActiveCfg = Release|Any CPU
		{742A6180-93B1-4651-AE25-7663B3BCE48A}.Ad-Hoc|Any CPU.Build.0 = Release|Any CPU
		{742A6180-93B1-4651-AE25-7663B3BCE48A}.Ad-Hoc|ARM.ActiveCfg = Release|Any CPU
		{742A6180-93B1-4651-AE25-7663B3BCE48A}.Ad-Hoc|iPhone.ActiveCfg = Release|Any CPU
		{742A6180-93B1-4651-AE25-7663B3BCE48A}.Ad-Hoc|iPhoneSimulator.ActiveCfg = Release|Any CPU
		{742A6180-93B1-4651-AE25-7663B3BCE48A}.Ad-Hoc|Mixed Platforms.ActiveCfg = Release|Any CPU
		{742A6180-93B1-4651-AE25-7663B3BCE48A}.Ad-Hoc|Mixed Platforms.Build.0 = Release|Any CPU
		{742A6180-93B1-4651-AE25-7663B3BCE48A}.Ad-Hoc|x86.ActiveCfg = Release|Any CPU
		{742A6180-93B1-4651-AE25-7663B3BCE48A}.AppStore|Any CPU.ActiveCfg = Release|Any CPU
		{742A6180-93B1-4651-AE25-7663B3BCE48A}.AppStore|Any CPU.Build.0 = Release|Any CPU
		{742A6180-93B1-4651-AE25-7663B3BCE48A}.AppStore|ARM.ActiveCfg = Release|Any CPU
		{742A6180-93B1-4651-AE25-7663B3BCE48A}.AppStore|iPhone.ActiveCfg = Release|Any CPU
		{742A6180-93B1-4651-AE25-7663B3BCE48A}.AppStore|iPhoneSimulator.ActiveCfg = Release|Any CPU
		{742A6180-93B1-4651-AE25-7663B3BCE48A}.AppStore|Mixed Platforms.ActiveCfg = Release|Any CPU
		{742A6180-93B1-4651-AE25-7663B3BCE48A}.AppStore|Mixed Platforms.Build.0 = Release|Any CPU
		{742A6180-93B1-4651-AE25-7663B3BCE48A}.AppStore|x86.ActiveCfg = Release|Any CPU
		{742A6180-93B1-4651-AE25-7663B3BCE48A}.Debug|Any CPU.ActiveCfg = Debug|Any CPU
		{742A6180-93B1-4651-AE25-7663B3BCE48A}.Debug|Any CPU.Build.0 = Debug|Any CPU
		{742A6180-93B1-4651-AE25-7663B3BCE48A}.Debug|ARM.ActiveCfg = Debug|Any CPU
		{742A6180-93B1-4651-AE25-7663B3BCE48A}.Debug|iPhone.ActiveCfg = Debug|Any CPU
		{742A6180-93B1-4651-AE25-7663B3BCE48A}.Debug|iPhoneSimulator.ActiveCfg = Debug|Any CPU
		{742A6180-93B1-4651-AE25-7663B3BCE48A}.Debug|Mixed Platforms.ActiveCfg = Debug|Any CPU
		{742A6180-93B1-4651-AE25-7663B3BCE48A}.Debug|Mixed Platforms.Build.0 = Debug|Any CPU
		{742A6180-93B1-4651-AE25-7663B3BCE48A}.Debug|x86.ActiveCfg = Debug|Any CPU
		{742A6180-93B1-4651-AE25-7663B3BCE48A}.Release|Any CPU.ActiveCfg = Release|Any CPU
		{742A6180-93B1-4651-AE25-7663B3BCE48A}.Release|Any CPU.Build.0 = Release|Any CPU
		{742A6180-93B1-4651-AE25-7663B3BCE48A}.Release|ARM.ActiveCfg = Release|Any CPU
		{742A6180-93B1-4651-AE25-7663B3BCE48A}.Release|iPhone.ActiveCfg = Release|Any CPU
		{742A6180-93B1-4651-AE25-7663B3BCE48A}.Release|iPhoneSimulator.ActiveCfg = Release|Any CPU
		{742A6180-93B1-4651-AE25-7663B3BCE48A}.Release|Mixed Platforms.ActiveCfg = Release|Any CPU
		{742A6180-93B1-4651-AE25-7663B3BCE48A}.Release|Mixed Platforms.Build.0 = Release|Any CPU
		{742A6180-93B1-4651-AE25-7663B3BCE48A}.Release|x86.ActiveCfg = Release|Any CPU
	EndGlobalSection
	GlobalSection(SolutionProperties) = preSolution
		HideSolutionNode = FALSE
	EndGlobalSection
EndGlobal
