
Microsoft Visual Studio Solution File, Format Version 12.00
# Visual Studio 2013
VisualStudioVersion = 12.0.31101.0
MinimumVisualStudioVersion = 10.0.40219.1
Project("{FAE04EC0-301F-11D3-BF4B-00C04F79EFBC}") = "Xamarin.Forms.Markup", "Xamarin.Forms.Markup\Xamarin.Forms.Markup\Xamarin.Forms.Markup.csproj", "{7897E745-A5A4-4A4F-8E7D-071D805FE8D1}"
EndProject
Project("{FAE04EC0-301F-11D3-BF4B-00C04F79EFBC}") = "Xamarin.Forms.Markup.WinPhone", "Xamarin.Forms.Markup\Xamarin.Forms.Markup.WinPhone\Xamarin.Forms.Markup.WinPhone.csproj", "{BBCBD67A-1938-44AC-BDDA-A5590E61901B}"
EndProject
Project("{FAE04EC0-301F-11D3-BF4B-00C04F79EFBC}") = "Xamarin.Forms.Markup.Droid", "Xamarin.Forms.Markup\Xamarin.Forms.Markup.Droid\Xamarin.Forms.Markup.Droid.csproj", "{C3B48737-9165-4B59-82DF-D609DE7162E5}"
EndProject
Project("{FAE04EC0-301F-11D3-BF4B-00C04F79EFBC}") = "Xamarin.Forms.Markup.iOS", "Xamarin.Forms.Markup\Xamarin.Forms.Markup.iOS\Xamarin.Forms.Markup.iOS.csproj", "{1F97568E-9916-4E2A-A06C-37A59EB60990}"
EndProject
Global
	GlobalSection(SolutionConfigurationPlatforms) = preSolution
		Ad-Hoc|Any CPU = Ad-Hoc|Any CPU
		Ad-Hoc|ARM = Ad-Hoc|ARM
		Ad-Hoc|iPhone = Ad-Hoc|iPhone
		Ad-Hoc|iPhoneSimulator = Ad-Hoc|iPhoneSimulator
		Ad-Hoc|Mixed Platforms = Ad-Hoc|Mixed Platforms
		Ad-Hoc|x86 = Ad-Hoc|x86
		AppStore|Any CPU = AppStore|Any CPU
		AppStore|ARM = AppStore|ARM
		AppStore|iPhone = AppStore|iPhone
		AppStore|iPhoneSimulator = AppStore|iPhoneSimulator
		AppStore|Mixed Platforms = AppStore|Mixed Platforms
		AppStore|x86 = AppStore|x86
		Debug|Any CPU = Debug|Any CPU
		Debug|ARM = Debug|ARM
		Debug|iPhone = Debug|iPhone
		Debug|iPhoneSimulator = Debug|iPhoneSimulator
		Debug|Mixed Platforms = Debug|Mixed Platforms
		Debug|x86 = Debug|x86
		Release|Any CPU = Release|Any CPU
		Release|ARM = Release|ARM
		Release|iPhone = Release|iPhone
		Release|iPhoneSimulator = Release|iPhoneSimulator
		Release|Mixed Platforms = Release|Mixed Platforms
		Release|x86 = Release|x86
	EndGlobalSection
	GlobalSection(ProjectConfigurationPlatforms) = postSolution
		{7897E745-A5A4-4A4F-8E7D-071D805FE8D1}.Ad-Hoc|Any CPU.ActiveCfg = Release|Any CPU
		{7897E745-A5A4-4A4F-8E7D-071D805FE8D1}.Ad-Hoc|Any CPU.Build.0 = Release|Any CPU
		{7897E745-A5A4-4A4F-8E7D-071D805FE8D1}.Ad-Hoc|ARM.ActiveCfg = Release|Any CPU
		{7897E745-A5A4-4A4F-8E7D-071D805FE8D1}.Ad-Hoc|iPhone.ActiveCfg = Release|Any CPU
		{7897E745-A5A4-4A4F-8E7D-071D805FE8D1}.Ad-Hoc|iPhoneSimulator.ActiveCfg = Release|Any CPU
		{7897E745-A5A4-4A4F-8E7D-071D805FE8D1}.Ad-Hoc|Mixed Platforms.ActiveCfg = Release|Any CPU
		{7897E745-A5A4-4A4F-8E7D-071D805FE8D1}.Ad-Hoc|Mixed Platforms.Build.0 = Release|Any CPU
		{7897E745-A5A4-4A4F-8E7D-071D805FE8D1}.Ad-Hoc|x86.ActiveCfg = Release|Any CPU
		{7897E745-A5A4-4A4F-8E7D-071D805FE8D1}.AppStore|Any CPU.ActiveCfg = Release|Any CPU
		{7897E745-A5A4-4A4F-8E7D-071D805FE8D1}.AppStore|Any CPU.Build.0 = Release|Any CPU
		{7897E745-A5A4-4A4F-8E7D-071D805FE8D1}.AppStore|ARM.ActiveCfg = Release|Any CPU
		{7897E745-A5A4-4A4F-8E7D-071D805FE8D1}.AppStore|iPhone.ActiveCfg = Release|Any CPU
		{7897E745-A5A4-4A4F-8E7D-071D805FE8D1}.AppStore|iPhoneSimulator.ActiveCfg = Release|Any CPU
		{7897E745-A5A4-4A4F-8E7D-071D805FE8D1}.AppStore|Mixed Platforms.ActiveCfg = Release|Any CPU
		{7897E745-A5A4-4A4F-8E7D-071D805FE8D1}.AppStore|Mixed Platforms.Build.0 = Release|Any CPU
		{7897E745-A5A4-4A4F-8E7D-071D805FE8D1}.AppStore|x86.ActiveCfg = Release|Any CPU
		{7897E745-A5A4-4A4F-8E7D-071D805FE8D1}.Debug|Any CPU.ActiveCfg = Debug|Any CPU
		{7897E745-A5A4-4A4F-8E7D-071D805FE8D1}.Debug|Any CPU.Build.0 = Debug|Any CPU
		{7897E745-A5A4-4A4F-8E7D-071D805FE8D1}.Debug|ARM.ActiveCfg = Debug|Any CPU
		{7897E745-A5A4-4A4F-8E7D-071D805FE8D1}.Debug|iPhone.ActiveCfg = Debug|Any CPU
		{7897E745-A5A4-4A4F-8E7D-071D805FE8D1}.Debug|iPhoneSimulator.ActiveCfg = Debug|Any CPU
		{7897E745-A5A4-4A4F-8E7D-071D805FE8D1}.Debug|Mixed Platforms.ActiveCfg = Debug|Any CPU
		{7897E745-A5A4-4A4F-8E7D-071D805FE8D1}.Debug|Mixed Platforms.Build.0 = Debug|Any CPU
		{7897E745-A5A4-4A4F-8E7D-071D805FE8D1}.Debug|x86.ActiveCfg = Debug|Any CPU
		{7897E745-A5A4-4A4F-8E7D-071D805FE8D1}.Release|Any CPU.ActiveCfg = Release|Any CPU
		{7897E745-A5A4-4A4F-8E7D-071D805FE8D1}.Release|Any CPU.Build.0 = Release|Any CPU
		{7897E745-A5A4-4A4F-8E7D-071D805FE8D1}.Release|ARM.ActiveCfg = Release|Any CPU
		{7897E745-A5A4-4A4F-8E7D-071D805FE8D1}.Release|iPhone.ActiveCfg = Release|Any CPU
		{7897E745-A5A4-4A4F-8E7D-071D805FE8D1}.Release|iPhoneSimulator.ActiveCfg = Release|Any CPU
		{7897E745-A5A4-4A4F-8E7D-071D805FE8D1}.Release|Mixed Platforms.ActiveCfg = Release|Any CPU
		{7897E745-A5A4-4A4F-8E7D-071D805FE8D1}.Release|Mixed Platforms.Build.0 = Release|Any CPU
		{7897E745-A5A4-4A4F-8E7D-071D805FE8D1}.Release|x86.ActiveCfg = Release|Any CPU
		{BBCBD67A-1938-44AC-BDDA-A5590E61901B}.Ad-Hoc|Any CPU.ActiveCfg = Release|Any CPU
		{BBCBD67A-1938-44AC-BDDA-A5590E61901B}.Ad-Hoc|Any CPU.Build.0 = Release|Any CPU
		{BBCBD67A-1938-44AC-BDDA-A5590E61901B}.Ad-Hoc|Any CPU.Deploy.0 = Release|Any CPU
		{BBCBD67A-1938-44AC-BDDA-A5590E61901B}.Ad-Hoc|ARM.ActiveCfg = Release|ARM
		{BBCBD67A-1938-44AC-BDDA-A5590E61901B}.Ad-Hoc|ARM.Build.0 = Release|ARM
		{BBCBD67A-1938-44AC-BDDA-A5590E61901B}.Ad-Hoc|ARM.Deploy.0 = Release|ARM
		{BBCBD67A-1938-44AC-BDDA-A5590E61901B}.Ad-Hoc|iPhone.ActiveCfg = Release|Any CPU
		{BBCBD67A-1938-44AC-BDDA-A5590E61901B}.Ad-Hoc|iPhoneSimulator.ActiveCfg = Release|Any CPU
		{BBCBD67A-1938-44AC-BDDA-A5590E61901B}.Ad-Hoc|Mixed Platforms.ActiveCfg = Release|x86
		{BBCBD67A-1938-44AC-BDDA-A5590E61901B}.Ad-Hoc|Mixed Platforms.Build.0 = Release|x86
		{BBCBD67A-1938-44AC-BDDA-A5590E61901B}.Ad-Hoc|Mixed Platforms.Deploy.0 = Release|x86
		{BBCBD67A-1938-44AC-BDDA-A5590E61901B}.Ad-Hoc|x86.ActiveCfg = Release|x86
		{BBCBD67A-1938-44AC-BDDA-A5590E61901B}.Ad-Hoc|x86.Build.0 = Release|x86
		{BBCBD67A-1938-44AC-BDDA-A5590E61901B}.Ad-Hoc|x86.Deploy.0 = Release|x86
		{BBCBD67A-1938-44AC-BDDA-A5590E61901B}.AppStore|Any CPU.ActiveCfg = Release|Any CPU
		{BBCBD67A-1938-44AC-BDDA-A5590E61901B}.AppStore|Any CPU.Build.0 = Release|Any CPU
		{BBCBD67A-1938-44AC-BDDA-A5590E61901B}.AppStore|Any CPU.Deploy.0 = Release|Any CPU
		{BBCBD67A-1938-44AC-BDDA-A5590E61901B}.AppStore|ARM.ActiveCfg = Release|ARM
		{BBCBD67A-1938-44AC-BDDA-A5590E61901B}.AppStore|ARM.Build.0 = Release|ARM
		{BBCBD67A-1938-44AC-BDDA-A5590E61901B}.AppStore|ARM.Deploy.0 = Release|ARM
		{BBCBD67A-1938-44AC-BDDA-A5590E61901B}.AppStore|iPhone.ActiveCfg = Release|Any CPU
		{BBCBD67A-1938-44AC-BDDA-A5590E61901B}.AppStore|iPhoneSimulator.ActiveCfg = Release|Any CPU
		{BBCBD67A-1938-44AC-BDDA-A5590E61901B}.AppStore|Mixed Platforms.ActiveCfg = Release|x86
		{BBCBD67A-1938-44AC-BDDA-A5590E61901B}.AppStore|Mixed Platforms.Build.0 = Release|x86
		{BBCBD67A-1938-44AC-BDDA-A5590E61901B}.AppStore|Mixed Platforms.Deploy.0 = Release|x86
		{BBCBD67A-1938-44AC-BDDA-A5590E61901B}.AppStore|x86.ActiveCfg = Release|x86
		{BBCBD67A-1938-44AC-BDDA-A5590E61901B}.AppStore|x86.Build.0 = Release|x86
		{BBCBD67A-1938-44AC-BDDA-A5590E61901B}.AppStore|x86.Deploy.0 = Release|x86
		{BBCBD67A-1938-44AC-BDDA-A5590E61901B}.Debug|Any CPU.ActiveCfg = Debug|Any CPU
		{BBCBD67A-1938-44AC-BDDA-A5590E61901B}.Debug|Any CPU.Build.0 = Debug|Any CPU
		{BBCBD67A-1938-44AC-BDDA-A5590E61901B}.Debug|Any CPU.Deploy.0 = Debug|Any CPU
		{BBCBD67A-1938-44AC-BDDA-A5590E61901B}.Debug|ARM.ActiveCfg = Debug|ARM
		{BBCBD67A-1938-44AC-BDDA-A5590E61901B}.Debug|ARM.Build.0 = Debug|ARM
		{BBCBD67A-1938-44AC-BDDA-A5590E61901B}.Debug|ARM.Deploy.0 = Debug|ARM
		{BBCBD67A-1938-44AC-BDDA-A5590E61901B}.Debug|iPhone.ActiveCfg = Debug|Any CPU
		{BBCBD67A-1938-44AC-BDDA-A5590E61901B}.Debug|iPhoneSimulator.ActiveCfg = Debug|Any CPU
		{BBCBD67A-1938-44AC-BDDA-A5590E61901B}.Debug|Mixed Platforms.ActiveCfg = Debug|x86
		{BBCBD67A-1938-44AC-BDDA-A5590E61901B}.Debug|Mixed Platforms.Build.0 = Debug|x86
		{BBCBD67A-1938-44AC-BDDA-A5590E61901B}.Debug|Mixed Platforms.Deploy.0 = Debug|x86
		{BBCBD67A-1938-44AC-BDDA-A5590E61901B}.Debug|x86.ActiveCfg = Debug|x86
		{BBCBD67A-1938-44AC-BDDA-A5590E61901B}.Debug|x86.Build.0 = Debug|x86
		{BBCBD67A-1938-44AC-BDDA-A5590E61901B}.Debug|x86.Deploy.0 = Debug|x86
		{BBCBD67A-1938-44AC-BDDA-A5590E61901B}.Release|Any CPU.ActiveCfg = Release|Any CPU
		{BBCBD67A-1938-44AC-BDDA-A5590E61901B}.Release|Any CPU.Build.0 = Release|Any CPU
		{BBCBD67A-1938-44AC-BDDA-A5590E61901B}.Release|Any CPU.Deploy.0 = Release|Any CPU
		{BBCBD67A-1938-44AC-BDDA-A5590E61901B}.Release|ARM.ActiveCfg = Release|ARM
		{BBCBD67A-1938-44AC-BDDA-A5590E61901B}.Release|ARM.Build.0 = Release|ARM
		{BBCBD67A-1938-44AC-BDDA-A5590E61901B}.Release|ARM.Deploy.0 = Release|ARM
		{BBCBD67A-1938-44AC-BDDA-A5590E61901B}.Release|iPhone.ActiveCfg = Release|Any CPU
		{BBCBD67A-1938-44AC-BDDA-A5590E61901B}.Release|iPhoneSimulator.ActiveCfg = Release|Any CPU
		{BBCBD67A-1938-44AC-BDDA-A5590E61901B}.Release|Mixed Platforms.ActiveCfg = Release|x86
		{BBCBD67A-1938-44AC-BDDA-A5590E61901B}.Release|Mixed Platforms.Build.0 = Release|x86
		{BBCBD67A-1938-44AC-BDDA-A5590E61901B}.Release|Mixed Platforms.Deploy.0 = Release|x86
		{BBCBD67A-1938-44AC-BDDA-A5590E61901B}.Release|x86.ActiveCfg = Release|x86
		{BBCBD67A-1938-44AC-BDDA-A5590E61901B}.Release|x86.Build.0 = Release|x86
		{BBCBD67A-1938-44AC-BDDA-A5590E61901B}.Release|x86.Deploy.0 = Release|x86
		{C3B48737-9165-4B59-82DF-D609DE7162E5}.Ad-Hoc|Any CPU.ActiveCfg = Release|Any CPU
		{C3B48737-9165-4B59-82DF-D609DE7162E5}.Ad-Hoc|Any CPU.Build.0 = Release|Any CPU
		{C3B48737-9165-4B59-82DF-D609DE7162E5}.Ad-Hoc|Any CPU.Deploy.0 = Release|Any CPU
		{C3B48737-9165-4B59-82DF-D609DE7162E5}.Ad-Hoc|ARM.ActiveCfg = Release|Any CPU
		{C3B48737-9165-4B59-82DF-D609DE7162E5}.Ad-Hoc|iPhone.ActiveCfg = Release|Any CPU
		{C3B48737-9165-4B59-82DF-D609DE7162E5}.Ad-Hoc|iPhoneSimulator.ActiveCfg = Release|Any CPU
		{C3B48737-9165-4B59-82DF-D609DE7162E5}.Ad-Hoc|Mixed Platforms.ActiveCfg = Release|Any CPU
		{C3B48737-9165-4B59-82DF-D609DE7162E5}.Ad-Hoc|Mixed Platforms.Build.0 = Release|Any CPU
		{C3B48737-9165-4B59-82DF-D609DE7162E5}.Ad-Hoc|Mixed Platforms.Deploy.0 = Release|Any CPU
		{C3B48737-9165-4B59-82DF-D609DE7162E5}.Ad-Hoc|x86.ActiveCfg = Release|Any CPU
		{C3B48737-9165-4B59-82DF-D609DE7162E5}.AppStore|Any CPU.ActiveCfg = Release|Any CPU
		{C3B48737-9165-4B59-82DF-D609DE7162E5}.AppStore|Any CPU.Build.0 = Release|Any CPU
		{C3B48737-9165-4B59-82DF-D609DE7162E5}.AppStore|Any CPU.Deploy.0 = Release|Any CPU
		{C3B48737-9165-4B59-82DF-D609DE7162E5}.AppStore|ARM.ActiveCfg = Release|Any CPU
		{C3B48737-9165-4B59-82DF-D609DE7162E5}.AppStore|iPhone.ActiveCfg = Release|Any CPU
		{C3B48737-9165-4B59-82DF-D609DE7162E5}.AppStore|iPhoneSimulator.ActiveCfg = Release|Any CPU
		{C3B48737-9165-4B59-82DF-D609DE7162E5}.AppStore|Mixed Platforms.ActiveCfg = Release|Any CPU
		{C3B48737-9165-4B59-82DF-D609DE7162E5}.AppStore|Mixed Platforms.Build.0 = Release|Any CPU
		{C3B48737-9165-4B59-82DF-D609DE7162E5}.AppStore|Mixed Platforms.Deploy.0 = Release|Any CPU
		{C3B48737-9165-4B59-82DF-D609DE7162E5}.AppStore|x86.ActiveCfg = Release|Any CPU
		{C3B48737-9165-4B59-82DF-D609DE7162E5}.Debug|Any CPU.ActiveCfg = Debug|Any CPU
		{C3B48737-9165-4B59-82DF-D609DE7162E5}.Debug|Any CPU.Build.0 = Debug|Any CPU
		{C3B48737-9165-4B59-82DF-D609DE7162E5}.Debug|Any CPU.Deploy.0 = Debug|Any CPU
		{C3B48737-9165-4B59-82DF-D609DE7162E5}.Debug|ARM.ActiveCfg = Debug|Any CPU
		{C3B48737-9165-4B59-82DF-D609DE7162E5}.Debug|iPhone.ActiveCfg = Debug|Any CPU
		{C3B48737-9165-4B59-82DF-D609DE7162E5}.Debug|iPhoneSimulator.ActiveCfg = Debug|Any CPU
		{C3B48737-9165-4B59-82DF-D609DE7162E5}.Debug|Mixed Platforms.ActiveCfg = Debug|Any CPU
		{C3B48737-9165-4B59-82DF-D609DE7162E5}.Debug|Mixed Platforms.Build.0 = Debug|Any CPU
		{C3B48737-9165-4B59-82DF-D609DE7162E5}.Debug|Mixed Platforms.Deploy.0 = Debug|Any CPU
		{C3B48737-9165-4B59-82DF-D609DE7162E5}.Debug|x86.ActiveCfg = Debug|Any CPU
		{C3B48737-9165-4B59-82DF-D609DE7162E5}.Release|Any CPU.ActiveCfg = Release|Any CPU
		{C3B48737-9165-4B59-82DF-D609DE7162E5}.Release|Any CPU.Build.0 = Release|Any CPU
		{C3B48737-9165-4B59-82DF-D609DE7162E5}.Release|Any CPU.Deploy.0 = Release|Any CPU
		{C3B48737-9165-4B59-82DF-D609DE7162E5}.Release|ARM.ActiveCfg = Release|Any CPU
		{C3B48737-9165-4B59-82DF-D609DE7162E5}.Release|iPhone.ActiveCfg = Release|Any CPU
		{C3B48737-9165-4B59-82DF-D609DE7162E5}.Release|iPhoneSimulator.ActiveCfg = Release|Any CPU
		{C3B48737-9165-4B59-82DF-D609DE7162E5}.Release|Mixed Platforms.ActiveCfg = Release|Any CPU
		{C3B48737-9165-4B59-82DF-D609DE7162E5}.Release|Mixed Platforms.Build.0 = Release|Any CPU
		{C3B48737-9165-4B59-82DF-D609DE7162E5}.Release|Mixed Platforms.Deploy.0 = Release|Any CPU
		{C3B48737-9165-4B59-82DF-D609DE7162E5}.Release|x86.ActiveCfg = Release|Any CPU
		{1F97568E-9916-4E2A-A06C-37A59EB60990}.Ad-Hoc|Any CPU.ActiveCfg = Ad-Hoc|iPhone
		{1F97568E-9916-4E2A-A06C-37A59EB60990}.Ad-Hoc|ARM.ActiveCfg = Ad-Hoc|iPhone
		{1F97568E-9916-4E2A-A06C-37A59EB60990}.Ad-Hoc|iPhone.ActiveCfg = Ad-Hoc|iPhone
		{1F97568E-9916-4E2A-A06C-37A59EB60990}.Ad-Hoc|iPhone.Build.0 = Ad-Hoc|iPhone
		{1F97568E-9916-4E2A-A06C-37A59EB60990}.Ad-Hoc|iPhoneSimulator.ActiveCfg = Ad-Hoc|iPhoneSimulator
		{1F97568E-9916-4E2A-A06C-37A59EB60990}.Ad-Hoc|iPhoneSimulator.Build.0 = Ad-Hoc|iPhoneSimulator
		{1F97568E-9916-4E2A-A06C-37A59EB60990}.Ad-Hoc|Mixed Platforms.ActiveCfg = Ad-Hoc|iPhone
		{1F97568E-9916-4E2A-A06C-37A59EB60990}.Ad-Hoc|Mixed Platforms.Build.0 = Ad-Hoc|iPhone
		{1F97568E-9916-4E2A-A06C-37A59EB60990}.Ad-Hoc|x86.ActiveCfg = Ad-Hoc|iPhone
		{1F97568E-9916-4E2A-A06C-37A59EB60990}.AppStore|Any CPU.ActiveCfg = AppStore|iPhone
		{1F97568E-9916-4E2A-A06C-37A59EB60990}.AppStore|ARM.ActiveCfg = AppStore|iPhone
		{1F97568E-9916-4E2A-A06C-37A59EB60990}.AppStore|iPhone.ActiveCfg = AppStore|iPhone
		{1F97568E-9916-4E2A-A06C-37A59EB60990}.AppStore|iPhone.Build.0 = AppStore|iPhone
		{1F97568E-9916-4E2A-A06C-37A59EB60990}.AppStore|iPhoneSimulator.ActiveCfg = AppStore|iPhoneSimulator
		{1F97568E-9916-4E2A-A06C-37A59EB60990}.AppStore|iPhoneSimulator.Build.0 = AppStore|iPhoneSimulator
		{1F97568E-9916-4E2A-A06C-37A59EB60990}.AppStore|Mixed Platforms.ActiveCfg = AppStore|iPhone
		{1F97568E-9916-4E2A-A06C-37A59EB60990}.AppStore|Mixed Platforms.Build.0 = AppStore|iPhone
		{1F97568E-9916-4E2A-A06C-37A59EB60990}.AppStore|x86.ActiveCfg = AppStore|iPhone
		{1F97568E-9916-4E2A-A06C-37A59EB60990}.Debug|Any CPU.ActiveCfg = Debug|iPhone
		{1F97568E-9916-4E2A-A06C-37A59EB60990}.Debug|ARM.ActiveCfg = Debug|iPhone
		{1F97568E-9916-4E2A-A06C-37A59EB60990}.Debug|iPhone.ActiveCfg = Debug|iPhone
		{1F97568E-9916-4E2A-A06C-37A59EB60990}.Debug|iPhone.Build.0 = Debug|iPhone
		{1F97568E-9916-4E2A-A06C-37A59EB60990}.Debug|iPhoneSimulator.ActiveCfg = Debug|iPhoneSimulator
		{1F97568E-9916-4E2A-A06C-37A59EB60990}.Debug|iPhoneSimulator.Build.0 = Debug|iPhoneSimulator
		{1F97568E-9916-4E2A-A06C-37A59EB60990}.Debug|Mixed Platforms.ActiveCfg = Debug|iPhone
		{1F97568E-9916-4E2A-A06C-37A59EB60990}.Debug|Mixed Platforms.Build.0 = Debug|iPhone
		{1F97568E-9916-4E2A-A06C-37A59EB60990}.Debug|x86.ActiveCfg = Debug|iPhone
		{1F97568E-9916-4E2A-A06C-37A59EB60990}.Release|Any CPU.ActiveCfg = Release|iPhone
		{1F97568E-9916-4E2A-A06C-37A59EB60990}.Release|ARM.ActiveCfg = Release|iPhone
		{1F97568E-9916-4E2A-A06C-37A59EB60990}.Release|iPhone.ActiveCfg = Release|iPhone
		{1F97568E-9916-4E2A-A06C-37A59EB60990}.Release|iPhone.Build.0 = Release|iPhone
		{1F97568E-9916-4E2A-A06C-37A59EB60990}.Release|iPhoneSimulator.ActiveCfg = Release|iPhoneSimulator
		{1F97568E-9916-4E2A-A06C-37A59EB60990}.Release|iPhoneSimulator.Build.0 = Release|iPhoneSimulator
		{1F97568E-9916-4E2A-A06C-37A59EB60990}.Release|Mixed Platforms.ActiveCfg = Release|iPhone
		{1F97568E-9916-4E2A-A06C-37A59EB60990}.Release|Mixed Platforms.Build.0 = Release|iPhone
		{1F97568E-9916-4E2A-A06C-37A59EB60990}.Release|x86.ActiveCfg = Release|iPhone
	EndGlobalSection
	GlobalSection(SolutionProperties) = preSolution
		HideSolutionNode = FALSE
	EndGlobalSection
EndGlobal
