
Microsoft Visual Studio Solution File, Format Version 12.00
# Visual Studio Version 16
VisualStudioVersion = 16.0.30907.101
MinimumVisualStudioVersion = 10.0.40219.1
Project("{FAE04EC0-301F-11D3-BF4B-00C04F79EFBC}") = "EfCore.Interpolation", "EfCore.Interpolation\EfCore.Interpolation.csproj", "{0725C0EF-6C7C-43B3-A90E-37786256B4F7}"
EndProject
Global
	GlobalSection(SolutionConfigurationPlatforms) = preSolution
		Debug|Any CPU = Debug|Any CPU
		Release|Any CPU = Release|Any CPU
	EndGlobalSection
	GlobalSection(ProjectConfigurationPlatforms) = postSolution
		{0725C0EF-6C7C-43B3-A90E-37786256B4F7}.Debug|Any CPU.ActiveCfg = Debug|Any CPU
		{0725C0EF-6C7C-43B3-A90E-37786256B4F7}.Debug|Any CPU.Build.0 = Debug|Any CPU
		{0725C0EF-6C7C-43B3-A90E-37786256B4F7}.Release|Any CPU.ActiveCfg = Release|Any CPU
		{0725C0EF-6C7C-43B3-A90E-37786256B4F7}.Release|Any CPU.Build.0 = Release|Any CPU
	EndGlobalSection
	GlobalSection(SolutionProperties) = preSolution
		HideSolutionNode = FALSE
	EndGlobalSection
	GlobalSection(ExtensibilityGlobals) = postSolution
		SolutionGuid = {BB066C6D-CD03-4752-909B-DA4FFF49F780}
	EndGlobalSection
EndGlobal
