
Microsoft Visual Studio Solution File, Format Version 12.00
# Visual Studio 14
VisualStudioVersion = 14.0.25420.1
MinimumVisualStudioVersion = 10.0.40219.1
Project("{2150E333-8FDC-42A3-9474-1A3956D46DE8}") = "src", "src", "{72B46B9C-4492-460A-8F45-9D40554458C0}"
EndProject
Project("{2150E333-8FDC-42A3-9474-1A3956D46DE8}") = "Solution Items", "Solution Items", "{2A324437-0491-4A49-8587-0561AF4EE09E}"
	ProjectSection(SolutionItems) = preProject
		global.json = global.json
	EndProjectSection
EndProject
Project("{8BB2217D-0F2D-49D1-97BC-3654ED321F3B}") = "ClassLibrary4", "src\ClassLibrary4\ClassLibrary4.xproj", "{76C22495-CCC6-4D04-969B-489279E03627}"
EndProject
Project("{8BB2217D-0F2D-49D1-97BC-3654ED321F3B}") = "ClassLibrary1.Tests", "src\ClassLibrary1.Tests\ClassLibrary1.Tests.xproj", "{B2298856-FC3B-4C9E-98F7-F06DE4A813CB}"
EndProject
Global
	GlobalSection(SolutionConfigurationPlatforms) = preSolution
		Debug|Any CPU = Debug|Any CPU
		Release|Any CPU = Release|Any CPU
	EndGlobalSection
	GlobalSection(ProjectConfigurationPlatforms) = postSolution
		{76C22495-CCC6-4D04-969B-489279E03627}.Debug|Any CPU.ActiveCfg = Debug|Any CPU
		{76C22495-CCC6-4D04-969B-489279E03627}.Debug|Any CPU.Build.0 = Debug|Any CPU
		{76C22495-CCC6-4D04-969B-489279E03627}.Release|Any CPU.ActiveCfg = Release|Any CPU
		{76C22495-CCC6-4D04-969B-489279E03627}.Release|Any CPU.Build.0 = Release|Any CPU
		{B2298856-FC3B-4C9E-98F7-F06DE4A813CB}.Debug|Any CPU.ActiveCfg = Debug|Any CPU
		{B2298856-FC3B-4C9E-98F7-F06DE4A813CB}.Debug|Any CPU.Build.0 = Debug|Any CPU
		{B2298856-FC3B-4C9E-98F7-F06DE4A813CB}.Release|Any CPU.ActiveCfg = Release|Any CPU
		{B2298856-FC3B-4C9E-98F7-F06DE4A813CB}.Release|Any CPU.Build.0 = Release|Any CPU
	EndGlobalSection
	GlobalSection(SolutionProperties) = preSolution
		HideSolutionNode = FALSE
	EndGlobalSection
	GlobalSection(NestedProjects) = preSolution
		{76C22495-CCC6-4D04-969B-489279E03627} = {72B46B9C-4492-460A-8F45-9D40554458C0}
		{B2298856-FC3B-4C9E-98F7-F06DE4A813CB} = {72B46B9C-4492-460A-8F45-9D40554458C0}
	EndGlobalSection
EndGlobal
