
Microsoft Visual Studio Solution File, Format Version 12.00
# Visual Studio Version 17
VisualStudioVersion = 17.0.31612.314
MinimumVisualStudioVersion = 10.0.40219.1
Project("{9A19103F-16F7-4668-BE54-9A1E7A4F7556}") = "WebApplication1", "WebApplication1.csproj", "{079B5A3E-7558-4D20-A572-6CE436D5B182}"
EndProject
Global
	GlobalSection(SolutionConfigurationPlatforms) = preSolution
		Debug|Any CPU = Debug|Any CPU
		Release|Any CPU = Release|Any CPU
	EndGlobalSection
	GlobalSection(ProjectConfigurationPlatforms) = postSolution
		{079B5A3E-7558-4D20-A572-6CE436D5B182}.Debug|Any CPU.ActiveCfg = Debug|Any CPU
		{079B5A3E-7558-4D20-A572-6CE436D5B182}.Debug|Any CPU.Build.0 = Debug|Any CPU
		{079B5A3E-7558-4D20-A572-6CE436D5B182}.Release|Any CPU.ActiveCfg = Release|Any CPU
		{079B5A3E-7558-4D20-A572-6CE436D5B182}.Release|Any CPU.Build.0 = Release|Any CPU
	EndGlobalSection
	GlobalSection(SolutionProperties) = preSolution
		HideSolutionNode = FALSE
	EndGlobalSection
	GlobalSection(ExtensibilityGlobals) = postSolution
		SolutionGuid = {ED21E8F0-044E-4E18-A08B-476506557F21}
	EndGlobalSection
EndGlobal
